// !$*UTF8*$!
{
	archiveVersion = 1;
	classes = {
	};
	objectVersion = 52;
	objects = {

/* Begin PBXBuildFile section */
		1E8D1FF7251BDB2B00343593 /* AppDelegate.swift in Sources */ = {isa = PBXBuildFile; fileRef = 1E8D1FF6251BDB2B00343593 /* AppDelegate.swift */; };
		1E8D1FF9251BDB2B00343593 /* SceneDelegate.swift in Sources */ = {isa = PBXBuildFile; fileRef = 1E8D1FF8251BDB2B00343593 /* SceneDelegate.swift */; };
		1E8D1FFB251BDB2B00343593 /* ContentView.swift in Sources */ = {isa = PBXBuildFile; fileRef = 1E8D1FFA251BDB2B00343593 /* ContentView.swift */; };
		1E8D1FFD251BDB2D00343593 /* Assets.xcassets in Resources */ = {isa = PBXBuildFile; fileRef = 1E8D1FFC251BDB2D00343593 /* Assets.xcassets */; };
		1E8D2000251BDB2D00343593 /* Preview Assets.xcassets in Resources */ = {isa = PBXBuildFile; fileRef = 1E8D1FFF251BDB2D00343593 /* Preview Assets.xcassets */; };
		1E8D2003251BDB2D00343593 /* LaunchScreen.storyboard in Resources */ = {isa = PBXBuildFile; fileRef = 1E8D2001251BDB2D00343593 /* LaunchScreen.storyboard */; };
		F465235A251C048E00817613 /* Assets.xcassets in Resources */ = {isa = PBXBuildFile; fileRef = 1E8D1FFC251BDB2D00343593 /* Assets.xcassets */; };
		F472C1B8251C6A48000E7318 /* SpotifyiOS.framework in Frameworks */ = {isa = PBXBuildFile; fileRef = F472C1B3251C695E000E7318 /* SpotifyiOS.framework */; };
		F472C1B9251C6A48000E7318 /* SpotifyiOS.framework in Embed Frameworks */ = {isa = PBXBuildFile; fileRef = F472C1B3251C695E000E7318 /* SpotifyiOS.framework */; settings = {ATTRIBUTES = (RemoveHeadersOnCopy, ); }; };
		F472C1BC251C6A50000E7318 /* SpotifyiOS.framework in Frameworks */ = {isa = PBXBuildFile; fileRef = F472C1B3251C695E000E7318 /* SpotifyiOS.framework */; };
		F472C1BD251C6A50000E7318 /* SpotifyiOS.framework in Embed Frameworks */ = {isa = PBXBuildFile; fileRef = F472C1B3251C695E000E7318 /* SpotifyiOS.framework */; settings = {ATTRIBUTES = (RemoveHeadersOnCopy, ); }; };
		F472C1CC251D50AD000E7318 /* AppAuth in Frameworks */ = {isa = PBXBuildFile; productRef = F472C1CB251D50AD000E7318 /* AppAuth */; };
		F472C1CE251DE51C000E7318 /* URL.extension.swift in Sources */ = {isa = PBXBuildFile; fileRef = F472C1CD251DE51C000E7318 /* URL.extension.swift */; };
		F472C1CF251DE51C000E7318 /* URL.extension.swift in Sources */ = {isa = PBXBuildFile; fileRef = F472C1CD251DE51C000E7318 /* URL.extension.swift */; };
		F472C1D1251E32C6000E7318 /* SpotifyHandler.swift in Sources */ = {isa = PBXBuildFile; fileRef = F472C1D0251E32C6000E7318 /* SpotifyHandler.swift */; };
		F472C1D2251E32C6000E7318 /* SpotifyHandler.swift in Sources */ = {isa = PBXBuildFile; fileRef = F472C1D0251E32C6000E7318 /* SpotifyHandler.swift */; };
		F4B3B5D9251BF5E300570A97 /* WidgetKit.framework in Frameworks */ = {isa = PBXBuildFile; fileRef = F4B3B5D8251BF5E300570A97 /* WidgetKit.framework */; };
		F4B3B5DB251BF5E300570A97 /* SwiftUI.framework in Frameworks */ = {isa = PBXBuildFile; fileRef = F4B3B5DA251BF5E300570A97 /* SwiftUI.framework */; };
		F4B3B5DE251BF5E300570A97 /* Widget_for_Spotify_Widget.swift in Sources */ = {isa = PBXBuildFile; fileRef = F4B3B5DD251BF5E300570A97 /* Widget_for_Spotify_Widget.swift */; };
		F4B3B5E1251BF5E500570A97 /* Assets.xcassets in Resources */ = {isa = PBXBuildFile; fileRef = F4B3B5E0251BF5E500570A97 /* Assets.xcassets */; };
		F4B3B5E3251BF5E500570A97 /* Widget_for_Spotify_Widget.intentdefinition in Sources */ = {isa = PBXBuildFile; fileRef = F4B3B5DF251BF5E300570A97 /* Widget_for_Spotify_Widget.intentdefinition */; };
		F4B3B5E4251BF5E500570A97 /* Widget_for_Spotify_Widget.intentdefinition in Sources */ = {isa = PBXBuildFile; fileRef = F4B3B5DF251BF5E300570A97 /* Widget_for_Spotify_Widget.intentdefinition */; };
		F4B3B5E7251BF5E500570A97 /* Widget for Spotify WidgetExtension.appex in Embed App Extensions */ = {isa = PBXBuildFile; fileRef = F4B3B5D6251BF5E300570A97 /* Widget for Spotify WidgetExtension.appex */; settings = {ATTRIBUTES = (RemoveHeadersOnCopy, ); }; };
		F4B3B5F0251BF6E600570A97 /* AppAuth in Frameworks */ = {isa = PBXBuildFile; productRef = F4B3B5EF251BF6E600570A97 /* AppAuth */; };
		F4B3B5F2251BF6E600570A97 /* AppAuthCore in Frameworks */ = {isa = PBXBuildFile; productRef = F4B3B5F1251BF6E600570A97 /* AppAuthCore */; };
/* End PBXBuildFile section */

/* Begin PBXContainerItemProxy section */
		F4B3B5E5251BF5E500570A97 /* PBXContainerItemProxy */ = {
			isa = PBXContainerItemProxy;
			containerPortal = 1E8D1FEB251BDB2B00343593 /* Project object */;
			proxyType = 1;
			remoteGlobalIDString = F4B3B5D5251BF5E300570A97;
			remoteInfo = "Widget for Spotify WidgetExtension";
		};
/* End PBXContainerItemProxy section */

/* Begin PBXCopyFilesBuildPhase section */
		F472C1BA251C6A48000E7318 /* Embed Frameworks */ = {
			isa = PBXCopyFilesBuildPhase;
			buildActionMask = 8;
			dstPath = "";
			dstSubfolderSpec = 10;
			files = (
				F472C1B9251C6A48000E7318 /* SpotifyiOS.framework in Embed Frameworks */,
			);
			name = "Embed Frameworks";
			runOnlyForDeploymentPostprocessing = 1;
		};
		F472C1BE251C6A51000E7318 /* Embed Frameworks */ = {
			isa = PBXCopyFilesBuildPhase;
			buildActionMask = 8;
			dstPath = "";
			dstSubfolderSpec = 10;
			files = (
				F472C1BD251C6A50000E7318 /* SpotifyiOS.framework in Embed Frameworks */,
			);
			name = "Embed Frameworks";
			runOnlyForDeploymentPostprocessing = 1;
		};
		F4B3B5E8251BF5E500570A97 /* Embed App Extensions */ = {
			isa = PBXCopyFilesBuildPhase;
			buildActionMask = 2147483647;
			dstPath = "";
			dstSubfolderSpec = 13;
			files = (
				F4B3B5E7251BF5E500570A97 /* Widget for Spotify WidgetExtension.appex in Embed App Extensions */,
			);
			name = "Embed App Extensions";
			runOnlyForDeploymentPostprocessing = 0;
		};
/* End PBXCopyFilesBuildPhase section */

/* Begin PBXFileReference section */
		1E8D1FF3251BDB2B00343593 /* Widget for Spotify.app */ = {isa = PBXFileReference; explicitFileType = wrapper.application; includeInIndex = 0; path = "Widget for Spotify.app"; sourceTree = BUILT_PRODUCTS_DIR; };
		1E8D1FF6251BDB2B00343593 /* AppDelegate.swift */ = {isa = PBXFileReference; lastKnownFileType = sourcecode.swift; path = AppDelegate.swift; sourceTree = "<group>"; };
		1E8D1FF8251BDB2B00343593 /* SceneDelegate.swift */ = {isa = PBXFileReference; lastKnownFileType = sourcecode.swift; path = SceneDelegate.swift; sourceTree = "<group>"; };
		1E8D1FFA251BDB2B00343593 /* ContentView.swift */ = {isa = PBXFileReference; lastKnownFileType = sourcecode.swift; path = ContentView.swift; sourceTree = "<group>"; };
		1E8D1FFC251BDB2D00343593 /* Assets.xcassets */ = {isa = PBXFileReference; lastKnownFileType = folder.assetcatalog; path = Assets.xcassets; sourceTree = "<group>"; };
		1E8D1FFF251BDB2D00343593 /* Preview Assets.xcassets */ = {isa = PBXFileReference; lastKnownFileType = folder.assetcatalog; path = "Preview Assets.xcassets"; sourceTree = "<group>"; };
		1E8D2002251BDB2D00343593 /* Base */ = {isa = PBXFileReference; lastKnownFileType = file.storyboard; name = Base; path = Base.lproj/LaunchScreen.storyboard; sourceTree = "<group>"; };
		1E8D2004251BDB2D00343593 /* Info.plist */ = {isa = PBXFileReference; lastKnownFileType = text.plist.xml; path = Info.plist; sourceTree = "<group>"; };
		F472C1AD251C66A9000E7318 /* Widget-For-Spotify-Bridging-Header.h */ = {isa = PBXFileReference; lastKnownFileType = sourcecode.c.h; path = "Widget-For-Spotify-Bridging-Header.h"; sourceTree = "<group>"; };
		F472C1B3251C695E000E7318 /* SpotifyiOS.framework */ = {isa = PBXFileReference; lastKnownFileType = wrapper.framework; path = SpotifyiOS.framework; sourceTree = "<group>"; };
		F472C1BF251C8DA1000E7318 /* Widget for Spotify.entitlements */ = {isa = PBXFileReference; lastKnownFileType = text.plist.entitlements; path = "Widget for Spotify.entitlements"; sourceTree = "<group>"; };
		F472C1C0251C8DEE000E7318 /* Widget for Spotify WidgetExtension.entitlements */ = {isa = PBXFileReference; lastKnownFileType = text.plist.entitlements; path = "Widget for Spotify WidgetExtension.entitlements"; sourceTree = "<group>"; };
		F472C1CD251DE51C000E7318 /* URL.extension.swift */ = {isa = PBXFileReference; lastKnownFileType = sourcecode.swift; path = URL.extension.swift; sourceTree = "<group>"; };
		F472C1D0251E32C6000E7318 /* SpotifyHandler.swift */ = {isa = PBXFileReference; lastKnownFileType = sourcecode.swift; path = SpotifyHandler.swift; sourceTree = "<group>"; };
		F4B3B5D6251BF5E300570A97 /* Widget for Spotify WidgetExtension.appex */ = {isa = PBXFileReference; explicitFileType = "wrapper.app-extension"; includeInIndex = 0; path = "Widget for Spotify WidgetExtension.appex"; sourceTree = BUILT_PRODUCTS_DIR; };
		F4B3B5D8251BF5E300570A97 /* WidgetKit.framework */ = {isa = PBXFileReference; lastKnownFileType = wrapper.framework; name = WidgetKit.framework; path = System/Library/Frameworks/WidgetKit.framework; sourceTree = SDKROOT; };
		F4B3B5DA251BF5E300570A97 /* SwiftUI.framework */ = {isa = PBXFileReference; lastKnownFileType = wrapper.framework; name = SwiftUI.framework; path = System/Library/Frameworks/SwiftUI.framework; sourceTree = SDKROOT; };
		F4B3B5DD251BF5E300570A97 /* Widget_for_Spotify_Widget.swift */ = {isa = PBXFileReference; lastKnownFileType = sourcecode.swift; path = Widget_for_Spotify_Widget.swift; sourceTree = "<group>"; };
		F4B3B5DF251BF5E300570A97 /* Widget_for_Spotify_Widget.intentdefinition */ = {isa = PBXFileReference; lastKnownFileType = file.intentdefinition; path = Widget_for_Spotify_Widget.intentdefinition; sourceTree = "<group>"; };
		F4B3B5E0251BF5E500570A97 /* Assets.xcassets */ = {isa = PBXFileReference; lastKnownFileType = folder.assetcatalog; path = Assets.xcassets; sourceTree = "<group>"; };
		F4B3B5E2251BF5E500570A97 /* Info.plist */ = {isa = PBXFileReference; lastKnownFileType = text.plist.xml; path = Info.plist; sourceTree = "<group>"; };
/* End PBXFileReference section */

/* Begin PBXFrameworksBuildPhase section */
		1E8D1FF0251BDB2B00343593 /* Frameworks */ = {
			isa = PBXFrameworksBuildPhase;
			buildActionMask = 2147483647;
			files = (
				F4B3B5F0251BF6E600570A97 /* AppAuth in Frameworks */,
				F472C1BC251C6A50000E7318 /* SpotifyiOS.framework in Frameworks */,
				F4B3B5F2251BF6E600570A97 /* AppAuthCore in Frameworks */,
			);
			runOnlyForDeploymentPostprocessing = 0;
		};
		F4B3B5D3251BF5E300570A97 /* Frameworks */ = {
			isa = PBXFrameworksBuildPhase;
			buildActionMask = 2147483647;
			files = (
				F4B3B5DB251BF5E300570A97 /* SwiftUI.framework in Frameworks */,
				F472C1B8251C6A48000E7318 /* SpotifyiOS.framework in Frameworks */,
				F472C1CC251D50AD000E7318 /* AppAuth in Frameworks */,
				F4B3B5D9251BF5E300570A97 /* WidgetKit.framework in Frameworks */,
			);
			runOnlyForDeploymentPostprocessing = 0;
		};
/* End PBXFrameworksBuildPhase section */

/* Begin PBXGroup section */
		1E8D1FEA251BDB2B00343593 = {
			isa = PBXGroup;
			children = (
				F472C1C0251C8DEE000E7318 /* Widget for Spotify WidgetExtension.entitlements */,
				F472C1AD251C66A9000E7318 /* Widget-For-Spotify-Bridging-Header.h */,
				1E8D1FF5251BDB2B00343593 /* Widget for Spotify */,
				F4B3B5DC251BF5E300570A97 /* Widget for Spotify Widget */,
				F4B3B5D7251BF5E300570A97 /* Frameworks */,
				1E8D1FF4251BDB2B00343593 /* Products */,
			);
			sourceTree = "<group>";
		};
		1E8D1FF4251BDB2B00343593 /* Products */ = {
			isa = PBXGroup;
			children = (
				1E8D1FF3251BDB2B00343593 /* Widget for Spotify.app */,
				F4B3B5D6251BF5E300570A97 /* Widget for Spotify WidgetExtension.appex */,
			);
			name = Products;
			sourceTree = "<group>";
		};
		1E8D1FF5251BDB2B00343593 /* Widget for Spotify */ = {
			isa = PBXGroup;
			children = (
				F472C1BF251C8DA1000E7318 /* Widget for Spotify.entitlements */,
				1E8D1FF6251BDB2B00343593 /* AppDelegate.swift */,
				1E8D1FF8251BDB2B00343593 /* SceneDelegate.swift */,
				1E8D1FFA251BDB2B00343593 /* ContentView.swift */,
				1E8D1FFC251BDB2D00343593 /* Assets.xcassets */,
				1E8D2001251BDB2D00343593 /* LaunchScreen.storyboard */,
				1E8D2004251BDB2D00343593 /* Info.plist */,
				1E8D1FFE251BDB2D00343593 /* Preview Content */,
				F472C1CD251DE51C000E7318 /* URL.extension.swift */,
				F472C1D0251E32C6000E7318 /* SpotifyHandler.swift */,
			);
			path = "Widget for Spotify";
			sourceTree = "<group>";
		};
		1E8D1FFE251BDB2D00343593 /* Preview Content */ = {
			isa = PBXGroup;
			children = (
				1E8D1FFF251BDB2D00343593 /* Preview Assets.xcassets */,
			);
			path = "Preview Content";
			sourceTree = "<group>";
		};
		F4B3B5D7251BF5E300570A97 /* Frameworks */ = {
			isa = PBXGroup;
			children = (
				F472C1B3251C695E000E7318 /* SpotifyiOS.framework */,
				F4B3B5D8251BF5E300570A97 /* WidgetKit.framework */,
				F4B3B5DA251BF5E300570A97 /* SwiftUI.framework */,
			);
			name = Frameworks;
			sourceTree = "<group>";
		};
		F4B3B5DC251BF5E300570A97 /* Widget for Spotify Widget */ = {
			isa = PBXGroup;
			children = (
				F4B3B5DD251BF5E300570A97 /* Widget_for_Spotify_Widget.swift */,
				F4B3B5DF251BF5E300570A97 /* Widget_for_Spotify_Widget.intentdefinition */,
				F4B3B5E0251BF5E500570A97 /* Assets.xcassets */,
				F4B3B5E2251BF5E500570A97 /* Info.plist */,
			);
			path = "Widget for Spotify Widget";
			sourceTree = "<group>";
		};
/* End PBXGroup section */

/* Begin PBXNativeTarget section */
		1E8D1FF2251BDB2B00343593 /* Widget for Spotify */ = {
			isa = PBXNativeTarget;
			buildConfigurationList = 1E8D2007251BDB2D00343593 /* Build configuration list for PBXNativeTarget "Widget for Spotify" */;
			buildPhases = (
				1E8D1FEF251BDB2B00343593 /* Sources */,
				1E8D1FF0251BDB2B00343593 /* Frameworks */,
				1E8D1FF1251BDB2B00343593 /* Resources */,
				F4B3B5E8251BF5E500570A97 /* Embed App Extensions */,
				F472C1BE251C6A51000E7318 /* Embed Frameworks */,
			);
			buildRules = (
			);
			dependencies = (
				F4B3B5E6251BF5E500570A97 /* PBXTargetDependency */,
			);
			name = "Widget for Spotify";
			packageProductDependencies = (
				F4B3B5EF251BF6E600570A97 /* AppAuth */,
				F4B3B5F1251BF6E600570A97 /* AppAuthCore */,
			);
			productName = "Widget for Spotify";
			productReference = 1E8D1FF3251BDB2B00343593 /* Widget for Spotify.app */;
			productType = "com.apple.product-type.application";
		};
		F4B3B5D5251BF5E300570A97 /* Widget for Spotify WidgetExtension */ = {
			isa = PBXNativeTarget;
			buildConfigurationList = F4B3B5EB251BF5E500570A97 /* Build configuration list for PBXNativeTarget "Widget for Spotify WidgetExtension" */;
			buildPhases = (
				F4B3B5D2251BF5E300570A97 /* Sources */,
				F4B3B5D3251BF5E300570A97 /* Frameworks */,
				F4B3B5D4251BF5E300570A97 /* Resources */,
				F472C1BA251C6A48000E7318 /* Embed Frameworks */,
			);
			buildRules = (
			);
			dependencies = (
			);
			name = "Widget for Spotify WidgetExtension";
			packageProductDependencies = (
				F472C1CB251D50AD000E7318 /* AppAuth */,
			);
			productName = "Widget for Spotify WidgetExtension";
			productReference = F4B3B5D6251BF5E300570A97 /* Widget for Spotify WidgetExtension.appex */;
			productType = "com.apple.product-type.app-extension";
		};
/* End PBXNativeTarget section */

/* Begin PBXProject section */
		1E8D1FEB251BDB2B00343593 /* Project object */ = {
			isa = PBXProject;
			attributes = {
				LastSwiftUpdateCheck = 1200;
				LastUpgradeCheck = 1200;
				ORGANIZATIONNAME = "Sjoerd Bolten";
				TargetAttributes = {
					1E8D1FF2251BDB2B00343593 = {
						CreatedOnToolsVersion = 11.7;
					};
					F4B3B5D5251BF5E300570A97 = {
						CreatedOnToolsVersion = 12.0;
					};
				};
			};
			buildConfigurationList = 1E8D1FEE251BDB2B00343593 /* Build configuration list for PBXProject "Widget for Spotify" */;
			compatibilityVersion = "Xcode 9.3";
			developmentRegion = en;
			hasScannedForEncodings = 0;
			knownRegions = (
				en,
				Base,
			);
			mainGroup = 1E8D1FEA251BDB2B00343593;
			packageReferences = (
				F4B3B5EE251BF6E600570A97 /* XCRemoteSwiftPackageReference "AppAuth-iOS" */,
			);
			productRefGroup = 1E8D1FF4251BDB2B00343593 /* Products */;
			projectDirPath = "";
			projectRoot = "";
			targets = (
				1E8D1FF2251BDB2B00343593 /* Widget for Spotify */,
				F4B3B5D5251BF5E300570A97 /* Widget for Spotify WidgetExtension */,
			);
		};
/* End PBXProject section */

/* Begin PBXResourcesBuildPhase section */
		1E8D1FF1251BDB2B00343593 /* Resources */ = {
			isa = PBXResourcesBuildPhase;
			buildActionMask = 2147483647;
			files = (
				1E8D2003251BDB2D00343593 /* LaunchScreen.storyboard in Resources */,
				1E8D2000251BDB2D00343593 /* Preview Assets.xcassets in Resources */,
				1E8D1FFD251BDB2D00343593 /* Assets.xcassets in Resources */,
			);
			runOnlyForDeploymentPostprocessing = 0;
		};
		F4B3B5D4251BF5E300570A97 /* Resources */ = {
			isa = PBXResourcesBuildPhase;
			buildActionMask = 2147483647;
			files = (
				F465235A251C048E00817613 /* Assets.xcassets in Resources */,
				F4B3B5E1251BF5E500570A97 /* Assets.xcassets in Resources */,
			);
			runOnlyForDeploymentPostprocessing = 0;
		};
/* End PBXResourcesBuildPhase section */

/* Begin PBXSourcesBuildPhase section */
		1E8D1FEF251BDB2B00343593 /* Sources */ = {
			isa = PBXSourcesBuildPhase;
			buildActionMask = 2147483647;
			files = (
				F4B3B5E4251BF5E500570A97 /* Widget_for_Spotify_Widget.intentdefinition in Sources */,
				1E8D1FF7251BDB2B00343593 /* AppDelegate.swift in Sources */,
				F472C1D1251E32C6000E7318 /* SpotifyHandler.swift in Sources */,
				1E8D1FF9251BDB2B00343593 /* SceneDelegate.swift in Sources */,
				F472C1CE251DE51C000E7318 /* URL.extension.swift in Sources */,
				1E8D1FFB251BDB2B00343593 /* ContentView.swift in Sources */,
			);
			runOnlyForDeploymentPostprocessing = 0;
		};
		F4B3B5D2251BF5E300570A97 /* Sources */ = {
			isa = PBXSourcesBuildPhase;
			buildActionMask = 2147483647;
			files = (
				F472C1CF251DE51C000E7318 /* URL.extension.swift in Sources */,
				F4B3B5DE251BF5E300570A97 /* Widget_for_Spotify_Widget.swift in Sources */,
				F472C1D2251E32C6000E7318 /* SpotifyHandler.swift in Sources */,
				F4B3B5E3251BF5E500570A97 /* Widget_for_Spotify_Widget.intentdefinition in Sources */,
			);
			runOnlyForDeploymentPostprocessing = 0;
		};
/* End PBXSourcesBuildPhase section */

/* Begin PBXTargetDependency section */
		F4B3B5E6251BF5E500570A97 /* PBXTargetDependency */ = {
			isa = PBXTargetDependency;
			target = F4B3B5D5251BF5E300570A97 /* Widget for Spotify WidgetExtension */;
			targetProxy = F4B3B5E5251BF5E500570A97 /* PBXContainerItemProxy */;
		};
/* End PBXTargetDependency section */

/* Begin PBXVariantGroup section */
		1E8D2001251BDB2D00343593 /* LaunchScreen.storyboard */ = {
			isa = PBXVariantGroup;
			children = (
				1E8D2002251BDB2D00343593 /* Base */,
			);
			name = LaunchScreen.storyboard;
			sourceTree = "<group>";
		};
/* End PBXVariantGroup section */

/* Begin XCBuildConfiguration section */
		1E8D2005251BDB2D00343593 /* Debug */ = {
			isa = XCBuildConfiguration;
			buildSettings = {
				ALWAYS_SEARCH_USER_PATHS = NO;
				CLANG_ANALYZER_NONNULL = YES;
				CLANG_ANALYZER_NUMBER_OBJECT_CONVERSION = YES_AGGRESSIVE;
				CLANG_CXX_LANGUAGE_STANDARD = "gnu++14";
				CLANG_CXX_LIBRARY = "libc++";
				CLANG_ENABLE_MODULES = YES;
				CLANG_ENABLE_OBJC_ARC = YES;
				CLANG_ENABLE_OBJC_WEAK = YES;
				CLANG_WARN_BLOCK_CAPTURE_AUTORELEASING = YES;
				CLANG_WARN_BOOL_CONVERSION = YES;
				CLANG_WARN_COMMA = YES;
				CLANG_WARN_CONSTANT_CONVERSION = YES;
				CLANG_WARN_DEPRECATED_OBJC_IMPLEMENTATIONS = YES;
				CLANG_WARN_DIRECT_OBJC_ISA_USAGE = YES_ERROR;
				CLANG_WARN_DOCUMENTATION_COMMENTS = YES;
				CLANG_WARN_EMPTY_BODY = YES;
				CLANG_WARN_ENUM_CONVERSION = YES;
				CLANG_WARN_INFINITE_RECURSION = YES;
				CLANG_WARN_INT_CONVERSION = YES;
				CLANG_WARN_NON_LITERAL_NULL_CONVERSION = YES;
				CLANG_WARN_OBJC_IMPLICIT_RETAIN_SELF = YES;
				CLANG_WARN_OBJC_LITERAL_CONVERSION = YES;
				CLANG_WARN_OBJC_ROOT_CLASS = YES_ERROR;
				CLANG_WARN_QUOTED_INCLUDE_IN_FRAMEWORK_HEADER = YES;
				CLANG_WARN_RANGE_LOOP_ANALYSIS = YES;
				CLANG_WARN_STRICT_PROTOTYPES = YES;
				CLANG_WARN_SUSPICIOUS_MOVE = YES;
				CLANG_WARN_UNGUARDED_AVAILABILITY = YES_AGGRESSIVE;
				CLANG_WARN_UNREACHABLE_CODE = YES;
				CLANG_WARN__DUPLICATE_METHOD_MATCH = YES;
				COPY_PHASE_STRIP = NO;
				DEBUG_INFORMATION_FORMAT = dwarf;
				ENABLE_STRICT_OBJC_MSGSEND = YES;
				ENABLE_TESTABILITY = YES;
				GCC_C_LANGUAGE_STANDARD = gnu11;
				GCC_DYNAMIC_NO_PIC = NO;
				GCC_NO_COMMON_BLOCKS = YES;
				GCC_OPTIMIZATION_LEVEL = 0;
				GCC_PREPROCESSOR_DEFINITIONS = (
					"DEBUG=1",
					"$(inherited)",
				);
				GCC_WARN_64_TO_32_BIT_CONVERSION = YES;
				GCC_WARN_ABOUT_RETURN_TYPE = YES_ERROR;
				GCC_WARN_UNDECLARED_SELECTOR = YES;
				GCC_WARN_UNINITIALIZED_AUTOS = YES_AGGRESSIVE;
				GCC_WARN_UNUSED_FUNCTION = YES;
				GCC_WARN_UNUSED_VARIABLE = YES;
				IPHONEOS_DEPLOYMENT_TARGET = 14.0;
				MTL_ENABLE_DEBUG_INFO = INCLUDE_SOURCE;
				MTL_FAST_MATH = YES;
				ONLY_ACTIVE_ARCH = YES;
				PRODUCT_NAME = widgetforspotify;
				SDKROOT = iphoneos;
				SWIFT_ACTIVE_COMPILATION_CONDITIONS = DEBUG;
				SWIFT_OPTIMIZATION_LEVEL = "-Onone";
			};
			name = Debug;
		};
		1E8D2006251BDB2D00343593 /* Release */ = {
			isa = XCBuildConfiguration;
			buildSettings = {
				ALWAYS_SEARCH_USER_PATHS = NO;
				CLANG_ANALYZER_NONNULL = YES;
				CLANG_ANALYZER_NUMBER_OBJECT_CONVERSION = YES_AGGRESSIVE;
				CLANG_CXX_LANGUAGE_STANDARD = "gnu++14";
				CLANG_CXX_LIBRARY = "libc++";
				CLANG_ENABLE_MODULES = YES;
				CLANG_ENABLE_OBJC_ARC = YES;
				CLANG_ENABLE_OBJC_WEAK = YES;
				CLANG_WARN_BLOCK_CAPTURE_AUTORELEASING = YES;
				CLANG_WARN_BOOL_CONVERSION = YES;
				CLANG_WARN_COMMA = YES;
				CLANG_WARN_CONSTANT_CONVERSION = YES;
				CLANG_WARN_DEPRECATED_OBJC_IMPLEMENTATIONS = YES;
				CLANG_WARN_DIRECT_OBJC_ISA_USAGE = YES_ERROR;
				CLANG_WARN_DOCUMENTATION_COMMENTS = YES;
				CLANG_WARN_EMPTY_BODY = YES;
				CLANG_WARN_ENUM_CONVERSION = YES;
				CLANG_WARN_INFINITE_RECURSION = YES;
				CLANG_WARN_INT_CONVERSION = YES;
				CLANG_WARN_NON_LITERAL_NULL_CONVERSION = YES;
				CLANG_WARN_OBJC_IMPLICIT_RETAIN_SELF = YES;
				CLANG_WARN_OBJC_LITERAL_CONVERSION = YES;
				CLANG_WARN_OBJC_ROOT_CLASS = YES_ERROR;
				CLANG_WARN_QUOTED_INCLUDE_IN_FRAMEWORK_HEADER = YES;
				CLANG_WARN_RANGE_LOOP_ANALYSIS = YES;
				CLANG_WARN_STRICT_PROTOTYPES = YES;
				CLANG_WARN_SUSPICIOUS_MOVE = YES;
				CLANG_WARN_UNGUARDED_AVAILABILITY = YES_AGGRESSIVE;
				CLANG_WARN_UNREACHABLE_CODE = YES;
				CLANG_WARN__DUPLICATE_METHOD_MATCH = YES;
				COPY_PHASE_STRIP = NO;
				DEBUG_INFORMATION_FORMAT = "dwarf-with-dsym";
				ENABLE_NS_ASSERTIONS = NO;
				ENABLE_STRICT_OBJC_MSGSEND = YES;
				GCC_C_LANGUAGE_STANDARD = gnu11;
				GCC_NO_COMMON_BLOCKS = YES;
				GCC_WARN_64_TO_32_BIT_CONVERSION = YES;
				GCC_WARN_ABOUT_RETURN_TYPE = YES_ERROR;
				GCC_WARN_UNDECLARED_SELECTOR = YES;
				GCC_WARN_UNINITIALIZED_AUTOS = YES_AGGRESSIVE;
				GCC_WARN_UNUSED_FUNCTION = YES;
				GCC_WARN_UNUSED_VARIABLE = YES;
				IPHONEOS_DEPLOYMENT_TARGET = 14.0;
				MTL_ENABLE_DEBUG_INFO = NO;
				MTL_FAST_MATH = YES;
				PRODUCT_NAME = widgetforspotify;
				SDKROOT = iphoneos;
				SWIFT_COMPILATION_MODE = wholemodule;
				SWIFT_OPTIMIZATION_LEVEL = "-O";
				VALIDATE_PRODUCT = YES;
			};
			name = Release;
		};
		1E8D2008251BDB2D00343593 /* Debug */ = {
			isa = XCBuildConfiguration;
			buildSettings = {
				ALWAYS_EMBED_SWIFT_STANDARD_LIBRARIES = YES;
				ASSETCATALOG_COMPILER_APPICON_NAME = AppIcon;
				CODE_SIGN_ENTITLEMENTS = "Widget for Spotify/Widget for Spotify.entitlements";
				CODE_SIGN_STYLE = Automatic;
				DEVELOPMENT_ASSET_PATHS = "\"Widget for Spotify/Preview Content\"";
				DEVELOPMENT_TEAM = FCB4S3W235;
				ENABLE_PREVIEWS = YES;
				FRAMEWORK_SEARCH_PATHS = (
					"$(inherited)",
					"$(PROJECT_DIR)",
				);
				INFOPLIST_FILE = "Widget for Spotify/Info.plist";
				LD_RUNPATH_SEARCH_PATHS = (
					"$(inherited)",
					"@executable_path/Frameworks",
				);
				OTHER_LDFLAGS = "-ObjC";
				PRODUCT_BUNDLE_IDENTIFIER = "dev.netlob.widget-for-spotify";
				PRODUCT_NAME = "$(TARGET_NAME)";
				SWIFT_OBJC_BRIDGING_HEADER = "Widget-For-Spotify-Bridging-Header.h";
				SWIFT_VERSION = 5.0;
				TARGETED_DEVICE_FAMILY = "1,2";
			};
			name = Debug;
		};
		1E8D2009251BDB2D00343593 /* Release */ = {
			isa = XCBuildConfiguration;
			buildSettings = {
				ALWAYS_EMBED_SWIFT_STANDARD_LIBRARIES = YES;
				ASSETCATALOG_COMPILER_APPICON_NAME = AppIcon;
				CODE_SIGN_ENTITLEMENTS = "Widget for Spotify/Widget for Spotify.entitlements";
				CODE_SIGN_STYLE = Automatic;
				DEVELOPMENT_ASSET_PATHS = "\"Widget for Spotify/Preview Content\"";
				DEVELOPMENT_TEAM = FCB4S3W235;
				ENABLE_PREVIEWS = YES;
				FRAMEWORK_SEARCH_PATHS = (
					"$(inherited)",
					"$(PROJECT_DIR)",
				);
				INFOPLIST_FILE = "Widget for Spotify/Info.plist";
				LD_RUNPATH_SEARCH_PATHS = (
					"$(inherited)",
					"@executable_path/Frameworks",
				);
				OTHER_LDFLAGS = "-ObjC";
				PRODUCT_BUNDLE_IDENTIFIER = "dev.netlob.widget-for-spotify";
				PRODUCT_NAME = "$(TARGET_NAME)";
				SWIFT_OBJC_BRIDGING_HEADER = "Widget-For-Spotify-Bridging-Header.h";
				SWIFT_VERSION = 5.0;
				TARGETED_DEVICE_FAMILY = "1,2";
			};
			name = Release;
		};
		F4B3B5E9251BF5E500570A97 /* Debug */ = {
			isa = XCBuildConfiguration;
			buildSettings = {
				ASSETCATALOG_COMPILER_GLOBAL_ACCENT_COLOR_NAME = AccentColor;
				ASSETCATALOG_COMPILER_WIDGET_BACKGROUND_COLOR_NAME = WidgetBackground;
				CLANG_WARN_QUOTED_INCLUDE_IN_FRAMEWORK_HEADER = YES;
				CODE_SIGN_ENTITLEMENTS = "Widget for Spotify WidgetExtension.entitlements";
				CODE_SIGN_STYLE = Automatic;
				DEVELOPMENT_TEAM = FCB4S3W235;
				FRAMEWORK_SEARCH_PATHS = (
					"$(inherited)",
					"$(PROJECT_DIR)",
				);
				INFOPLIST_FILE = "Widget for Spotify Widget/Info.plist";
				IPHONEOS_DEPLOYMENT_TARGET = 14.0;
				LD_RUNPATH_SEARCH_PATHS = (
					"$(inherited)",
					"@executable_path/Frameworks",
					"@executable_path/../../Frameworks",
				);
				PRODUCT_BUNDLE_IDENTIFIER = "dev.netlob.widget-for-spotify.Widget-for-Spotify-Widget";
				PRODUCT_NAME = "$(TARGET_NAME)";
				SKIP_INSTALL = YES;
				SWIFT_VERSION = 5.0;
				TARGETED_DEVICE_FAMILY = "1,2";
			};
			name = Debug;
		};
		F4B3B5EA251BF5E500570A97 /* Release */ = {
			isa = XCBuildConfiguration;
			buildSettings = {
				ASSETCATALOG_COMPILER_GLOBAL_ACCENT_COLOR_NAME = AccentColor;
				ASSETCATALOG_COMPILER_WIDGET_BACKGROUND_COLOR_NAME = WidgetBackground;
				CLANG_WARN_QUOTED_INCLUDE_IN_FRAMEWORK_HEADER = YES;
				CODE_SIGN_ENTITLEMENTS = "Widget for Spotify WidgetExtension.entitlements";
				CODE_SIGN_STYLE = Automatic;
				DEVELOPMENT_TEAM = FCB4S3W235;
				FRAMEWORK_SEARCH_PATHS = (
					"$(inherited)",
					"$(PROJECT_DIR)",
				);
				INFOPLIST_FILE = "Widget for Spotify Widget/Info.plist";
				IPHONEOS_DEPLOYMENT_TARGET = 14.0;
				LD_RUNPATH_SEARCH_PATHS = (
					"$(inherited)",
					"@executable_path/Frameworks",
					"@executable_path/../../Frameworks",
				);
				PRODUCT_BUNDLE_IDENTIFIER = "dev.netlob.widget-for-spotify.Widget-for-Spotify-Widget";
				PRODUCT_NAME = "$(TARGET_NAME)";
				SKIP_INSTALL = YES;
				SWIFT_VERSION = 5.0;
				TARGETED_DEVICE_FAMILY = "1,2";
			};
			name = Release;
		};
/* End XCBuildConfiguration section */

/* Begin XCConfigurationList section */
		1E8D1FEE251BDB2B00343593 /* Build configuration list for PBXProject "Widget for Spotify" */ = {
			isa = XCConfigurationList;
			buildConfigurations = (
				1E8D2005251BDB2D00343593 /* Debug */,
				1E8D2006251BDB2D00343593 /* Release */,
			);
			defaultConfigurationIsVisible = 0;
			defaultConfigurationName = Release;
		};
		1E8D2007251BDB2D00343593 /* Build configuration list for PBXNativeTarget "Widget for Spotify" */ = {
			isa = XCConfigurationList;
			buildConfigurations = (
				1E8D2008251BDB2D00343593 /* Debug */,
				1E8D2009251BDB2D00343593 /* Release */,
			);
			defaultConfigurationIsVisible = 0;
			defaultConfigurationName = Release;
		};
		F4B3B5EB251BF5E500570A97 /* Build configuration list for PBXNativeTarget "Widget for Spotify WidgetExtension" */ = {
			isa = XCConfigurationList;
			buildConfigurations = (
				F4B3B5E9251BF5E500570A97 /* Debug */,
				F4B3B5EA251BF5E500570A97 /* Release */,
			);
			defaultConfigurationIsVisible = 0;
			defaultConfigurationName = Release;
		};
/* End XCConfigurationList section */

/* Begin XCRemoteSwiftPackageReference section */
		F4B3B5EE251BF6E600570A97 /* XCRemoteSwiftPackageReference "AppAuth-iOS" */ = {
			isa = XCRemoteSwiftPackageReference;
			repositoryURL = "https://github.com/openid/AppAuth-iOS.git";
			requirement = {
				kind = upToNextMajorVersion;
				minimumVersion = 1.4.0;
			};
		};
/* End XCRemoteSwiftPackageReference section */

/* Begin XCSwiftPackageProductDependency section */
		F472C1CB251D50AD000E7318 /* AppAuth */ = {
			isa = XCSwiftPackageProductDependency;
			package = F4B3B5EE251BF6E600570A97 /* XCRemoteSwiftPackageReference "AppAuth-iOS" */;
			productName = AppAuth;
		};
		F4B3B5EF251BF6E600570A97 /* AppAuth */ = {
			isa = XCSwiftPackageProductDependency;
			package = F4B3B5EE251BF6E600570A97 /* XCRemoteSwiftPackageReference "AppAuth-iOS" */;
			productName = AppAuth;
		};
		F4B3B5F1251BF6E600570A97 /* AppAuthCore */ = {
			isa = XCSwiftPackageProductDependency;
			package = F4B3B5EE251BF6E600570A97 /* XCRemoteSwiftPackageReference "AppAuth-iOS" */;
			productName = AppAuthCore;
		};
/* End XCSwiftPackageProductDependency section */
	};
	rootObject = 1E8D1FEB251BDB2B00343593 /* Project object */;
}
