// !$*UTF8*$!
{
	archiveVersion = 1;
	classes = {
	};
	objectVersion = 52;
	objects = {

/* Begin PBXBuildFile section */
		1E8D1FF7251BDB2B00343593 /* AppDelegate.swift in Sources */ = {isa = PBXBuildFile; fileRef = 1E8D1FF6251BDB2B00343593 /* AppDelegate.swift */; };
		1E8D1FF9251BDB2B00343593 /* SceneDelegate.swift in Sources */ = {isa = PBXBuildFile; fileRef = 1E8D1FF8251BDB2B00343593 /* SceneDelegate.swift */; };
		1E8D1FFB251BDB2B00343593 /* ContentView.swift in Sources */ = {isa = PBXBuildFile; fileRef = 1E8D1FFA251BDB2B00343593 /* ContentView.swift */; };
		1E8D1FFD251BDB2D00343593 /* Assets.xcassets in Resources */ = {isa = PBXBuildFile; fileRef = 1E8D1FFC251BDB2D00343593 /* Assets.xcassets */; };
		1E8D2000251BDB2D00343593 /* Preview Assets.xcassets in Resources */ = {isa = PBXBuildFile; fileRef = 1E8D1FFF251BDB2D00343593 /* Preview Assets.xcassets */; };
		1E8D2003251BDB2D00343593 /* LaunchScreen.storyboard in Resources */ = {isa = PBXBuildFile; fileRef = 1E8D2001251BDB2D00343593 /* LaunchScreen.storyboard */; };
		F43B1569251F9D6100E95BB1 /* SpotifyiOS.framework in Frameworks */ = {isa = PBXBuildFile; fileRef = F472C1B3251C695E000E7318 /* SpotifyiOS.framework */; };
		F45C602125210997005088B4 /* WidgetBundle.swift in Sources */ = {isa = PBXBuildFile; fileRef = F45C602025210997005088B4 /* WidgetBundle.swift */; };
		F462CA92251FA894001FCF7B /* SpotifyContext.swift in Sources */ = {isa = PBXBuildFile; fileRef = F48E71F2251F86BB0012780C /* SpotifyContext.swift */; };
		F462CA93251FA894001FCF7B /* FullEpisode.swift in Sources */ = {isa = PBXBuildFile; fileRef = F48E71FE251F8C560012780C /* FullEpisode.swift */; };
		F462CA94251FA894001FCF7B /* Followers.swift in Sources */ = {isa = PBXBuildFile; fileRef = F48E71E9251F76440012780C /* Followers.swift */; };
		F462CA95251FA894001FCF7B /* PersonInfo.swift in Sources */ = {isa = PBXBuildFile; fileRef = F48E71E6251F75F20012780C /* PersonInfo.swift */; };
		F462CA96251FA894001FCF7B /* Device.swift in Sources */ = {isa = PBXBuildFile; fileRef = F48E71EF251F86740012780C /* Device.swift */; };
		F462CA97251FA894001FCF7B /* CurrentlyPlayingContext.swift in Sources */ = {isa = PBXBuildFile; fileRef = F48E71EC251F858C0012780C /* CurrentlyPlayingContext.swift */; };
		F462CA98251FA894001FCF7B /* ResumePoint.swift in Sources */ = {isa = PBXBuildFile; fileRef = F48E7207251F93DE0012780C /* ResumePoint.swift */; };
		F462CA99251FA894001FCF7B /* FullTrack.swift in Sources */ = {isa = PBXBuildFile; fileRef = F48E71F5251F872B0012780C /* FullTrack.swift */; };
		F462CA9A251FA894001FCF7B /* Copyright.swift in Sources */ = {isa = PBXBuildFile; fileRef = F48E7204251F8DE00012780C /* Copyright.swift */; };
		F462CA9B251FA894001FCF7B /* ImageObject.swift in Sources */ = {isa = PBXBuildFile; fileRef = F48E71E3251F75800012780C /* ImageObject.swift */; };
		F462CA9C251FA894001FCF7B /* SimplifiedArtist.swift in Sources */ = {isa = PBXBuildFile; fileRef = F48E71FB251F8BBD0012780C /* SimplifiedArtist.swift */; };
		F462CA9D251FA894001FCF7B /* SimplifiedShow.swift in Sources */ = {isa = PBXBuildFile; fileRef = F48E7201251F8D260012780C /* SimplifiedShow.swift */; };
		F462CA9E251FA894001FCF7B /* SimplifiedAlbum.swift in Sources */ = {isa = PBXBuildFile; fileRef = F48E71F8251F892E0012780C /* SimplifiedAlbum.swift */; };
		F462CAA0251FA8D8001FCF7B /* SpotifyData.swift in Sources */ = {isa = PBXBuildFile; fileRef = F48E71D7251F44550012780C /* SpotifyData.swift */; };
		F462CAA1251FA8D8001FCF7B /* SpotifyTokenHandler.swift in Sources */ = {isa = PBXBuildFile; fileRef = F472C1D0251E32C6000E7318 /* SpotifyTokenHandler.swift */; };
		F462CAA2251FA8D8001FCF7B /* URL.extension.swift in Sources */ = {isa = PBXBuildFile; fileRef = F472C1CD251DE51C000E7318 /* URL.extension.swift */; };
		F462CAAD251FC69D001FCF7B /* URLImage in Frameworks */ = {isa = PBXBuildFile; productRef = F462CAAC251FC69D001FCF7B /* URLImage */; };
		F462CAB0251FC6A7001FCF7B /* URLImage in Frameworks */ = {isa = PBXBuildFile; productRef = F462CAAF251FC6A7001FCF7B /* URLImage */; };
		F472C1BC251C6A50000E7318 /* SpotifyiOS.framework in Frameworks */ = {isa = PBXBuildFile; fileRef = F472C1B3251C695E000E7318 /* SpotifyiOS.framework */; };
		F472C1BD251C6A50000E7318 /* SpotifyiOS.framework in Embed Frameworks */ = {isa = PBXBuildFile; fileRef = F472C1B3251C695E000E7318 /* SpotifyiOS.framework */; settings = {ATTRIBUTES = (RemoveHeadersOnCopy, ); }; };
		F472C1CE251DE51C000E7318 /* URL.extension.swift in Sources */ = {isa = PBXBuildFile; fileRef = F472C1CD251DE51C000E7318 /* URL.extension.swift */; };
		F472C1D1251E32C6000E7318 /* SpotifyTokenHandler.swift in Sources */ = {isa = PBXBuildFile; fileRef = F472C1D0251E32C6000E7318 /* SpotifyTokenHandler.swift */; };
		F472C1DD251E795F000E7318 /* Alamofire in Frameworks */ = {isa = PBXBuildFile; productRef = F472C1DC251E795F000E7318 /* Alamofire */; };
		F48E71D6251F41DA0012780C /* SwiftyJSON in Frameworks */ = {isa = PBXBuildFile; productRef = F48E71D5251F41DA0012780C /* SwiftyJSON */; };
		F48E71D8251F44550012780C /* SpotifyData.swift in Sources */ = {isa = PBXBuildFile; fileRef = F48E71D7251F44550012780C /* SpotifyData.swift */; };
		F48E71E0251F5E6B0012780C /* MainView.swift in Sources */ = {isa = PBXBuildFile; fileRef = F48E71DF251F5E6B0012780C /* MainView.swift */; };
		F48E71E4251F75800012780C /* ImageObject.swift in Sources */ = {isa = PBXBuildFile; fileRef = F48E71E3251F75800012780C /* ImageObject.swift */; };
		F48E71E7251F75F20012780C /* PersonInfo.swift in Sources */ = {isa = PBXBuildFile; fileRef = F48E71E6251F75F20012780C /* PersonInfo.swift */; };
		F48E71EA251F76440012780C /* Followers.swift in Sources */ = {isa = PBXBuildFile; fileRef = F48E71E9251F76440012780C /* Followers.swift */; };
		F48E71ED251F858C0012780C /* CurrentlyPlayingContext.swift in Sources */ = {isa = PBXBuildFile; fileRef = F48E71EC251F858C0012780C /* CurrentlyPlayingContext.swift */; };
		F48E71F0251F86740012780C /* Device.swift in Sources */ = {isa = PBXBuildFile; fileRef = F48E71EF251F86740012780C /* Device.swift */; };
		F48E71F3251F86BB0012780C /* SpotifyContext.swift in Sources */ = {isa = PBXBuildFile; fileRef = F48E71F2251F86BB0012780C /* SpotifyContext.swift */; };
		F48E71F6251F872B0012780C /* FullTrack.swift in Sources */ = {isa = PBXBuildFile; fileRef = F48E71F5251F872B0012780C /* FullTrack.swift */; };
		F48E71F9251F892E0012780C /* SimplifiedAlbum.swift in Sources */ = {isa = PBXBuildFile; fileRef = F48E71F8251F892E0012780C /* SimplifiedAlbum.swift */; };
		F48E71FC251F8BBD0012780C /* SimplifiedArtist.swift in Sources */ = {isa = PBXBuildFile; fileRef = F48E71FB251F8BBD0012780C /* SimplifiedArtist.swift */; };
		F48E71FF251F8C560012780C /* FullEpisode.swift in Sources */ = {isa = PBXBuildFile; fileRef = F48E71FE251F8C560012780C /* FullEpisode.swift */; };
		F48E7202251F8D260012780C /* SimplifiedShow.swift in Sources */ = {isa = PBXBuildFile; fileRef = F48E7201251F8D260012780C /* SimplifiedShow.swift */; };
		F48E7205251F8DE00012780C /* Copyright.swift in Sources */ = {isa = PBXBuildFile; fileRef = F48E7204251F8DE00012780C /* Copyright.swift */; };
		F48E7208251F93DE0012780C /* ResumePoint.swift in Sources */ = {isa = PBXBuildFile; fileRef = F48E7207251F93DE0012780C /* ResumePoint.swift */; };
		F48E7225251F959C0012780C /* WidgetKit.framework in Frameworks */ = {isa = PBXBuildFile; fileRef = F4B3B5D8251BF5E300570A97 /* WidgetKit.framework */; };
		F48E7226251F959C0012780C /* SwiftUI.framework in Frameworks */ = {isa = PBXBuildFile; fileRef = F4B3B5DA251BF5E300570A97 /* SwiftUI.framework */; };
		F48E722C251F959E0012780C /* Assets.xcassets in Resources */ = {isa = PBXBuildFile; fileRef = F48E722B251F959E0012780C /* Assets.xcassets */; };
		F48E722E251F959E0012780C /* Widget_for_Spotify_Widget.intentdefinition in Sources */ = {isa = PBXBuildFile; fileRef = F48E722A251F959D0012780C /* Widget_for_Spotify_Widget.intentdefinition */; };
		F48E722F251F959E0012780C /* Widget_for_Spotify_Widget.intentdefinition in Sources */ = {isa = PBXBuildFile; fileRef = F48E722A251F959D0012780C /* Widget_for_Spotify_Widget.intentdefinition */; };
		F48E7232251F959E0012780C /* Widget for Spotify WidgetExtension.appex in Embed App Extensions */ = {isa = PBXBuildFile; fileRef = F48E7224251F959C0012780C /* Widget for Spotify WidgetExtension.appex */; settings = {ATTRIBUTES = (RemoveHeadersOnCopy, ); }; };
		F48E7238251F95D00012780C /* Widget_for_Spotify_Widget.swift in Sources */ = {isa = PBXBuildFile; fileRef = F48E7237251F95D00012780C /* Widget_for_Spotify_Widget.swift */; };
		F48E723C251F967E0012780C /* Alamofire in Frameworks */ = {isa = PBXBuildFile; productRef = F48E723B251F967E0012780C /* Alamofire */; };
		F48E723E251F967E0012780C /* SwiftyJSON in Frameworks */ = {isa = PBXBuildFile; productRef = F48E723D251F967E0012780C /* SwiftyJSON */; };
		F4B96EB52520D114002A1F6F /* NetworkClient.swift in Sources */ = {isa = PBXBuildFile; fileRef = F4B96EB42520D114002A1F6F /* NetworkClient.swift */; };
		F4B96EB82520D13C002A1F6F /* StatusService.swift in Sources */ = {isa = PBXBuildFile; fileRef = F4B96EB72520D13C002A1F6F /* StatusService.swift */; };
		F4B96EBF2520E122002A1F6F /* SimpleMusicView.swift in Sources */ = {isa = PBXBuildFile; fileRef = F4B96EBE2520E122002A1F6F /* SimpleMusicView.swift */; };
		F4B96EC12520E124002A1F6F /* SimpleMusicView.swift in Sources */ = {isa = PBXBuildFile; fileRef = F4B96EBE2520E122002A1F6F /* SimpleMusicView.swift */; };
		F4B96EC32520E3F5002A1F6F /* Assets.xcassets in Resources */ = {isa = PBXBuildFile; fileRef = 1E8D1FFC251BDB2D00343593 /* Assets.xcassets */; };
		F4B96EC92520E72A002A1F6F /* KingfisherSwiftUI in Frameworks */ = {isa = PBXBuildFile; productRef = F4B96EC82520E72A002A1F6F /* KingfisherSwiftUI */; };
		F4B96ECF2520E73B002A1F6F /* KingfisherSwiftUI in Frameworks */ = {isa = PBXBuildFile; productRef = F4B96ECE2520E73B002A1F6F /* KingfisherSwiftUI */; };
/* End PBXBuildFile section */

/* Begin PBXContainerItemProxy section */
		F48E7230251F959E0012780C /* PBXContainerItemProxy */ = {
			isa = PBXContainerItemProxy;
			containerPortal = 1E8D1FEB251BDB2B00343593 /* Project object */;
			proxyType = 1;
			remoteGlobalIDString = F48E7223251F959C0012780C;
			remoteInfo = "Widget for Spotify WidgetExtension";
		};
/* End PBXContainerItemProxy section */

/* Begin PBXCopyFilesBuildPhase section */
		F472C1BE251C6A51000E7318 /* Embed Frameworks */ = {
			isa = PBXCopyFilesBuildPhase;
			buildActionMask = 8;
			dstPath = "";
			dstSubfolderSpec = 10;
			files = (
				F472C1BD251C6A50000E7318 /* SpotifyiOS.framework in Embed Frameworks */,
			);
			name = "Embed Frameworks";
			runOnlyForDeploymentPostprocessing = 1;
		};
		F4B3B5E8251BF5E500570A97 /* Embed App Extensions */ = {
			isa = PBXCopyFilesBuildPhase;
			buildActionMask = 2147483647;
			dstPath = "";
			dstSubfolderSpec = 13;
			files = (
				F48E7232251F959E0012780C /* Widget for Spotify WidgetExtension.appex in Embed App Extensions */,
			);
			name = "Embed App Extensions";
			runOnlyForDeploymentPostprocessing = 0;
		};
		F4B96ED52520E73B002A1F6F /* Embed Frameworks */ = {
			isa = PBXCopyFilesBuildPhase;
			buildActionMask = 2147483647;
			dstPath = "";
			dstSubfolderSpec = 10;
			files = (
			);
			name = "Embed Frameworks";
			runOnlyForDeploymentPostprocessing = 0;
		};
/* End PBXCopyFilesBuildPhase section */

/* Begin PBXFileReference section */
		1E8D1FF3251BDB2B00343593 /* Widget for Spotify.app */ = {isa = PBXFileReference; explicitFileType = wrapper.application; includeInIndex = 0; path = "Widget for Spotify.app"; sourceTree = BUILT_PRODUCTS_DIR; };
		1E8D1FF6251BDB2B00343593 /* AppDelegate.swift */ = {isa = PBXFileReference; lastKnownFileType = sourcecode.swift; path = AppDelegate.swift; sourceTree = "<group>"; };
		1E8D1FF8251BDB2B00343593 /* SceneDelegate.swift */ = {isa = PBXFileReference; lastKnownFileType = sourcecode.swift; path = SceneDelegate.swift; sourceTree = "<group>"; };
		1E8D1FFA251BDB2B00343593 /* ContentView.swift */ = {isa = PBXFileReference; lastKnownFileType = sourcecode.swift; path = ContentView.swift; sourceTree = "<group>"; };
		1E8D1FFC251BDB2D00343593 /* Assets.xcassets */ = {isa = PBXFileReference; lastKnownFileType = folder.assetcatalog; path = Assets.xcassets; sourceTree = "<group>"; };
		1E8D1FFF251BDB2D00343593 /* Preview Assets.xcassets */ = {isa = PBXFileReference; lastKnownFileType = folder.assetcatalog; path = "Preview Assets.xcassets"; sourceTree = "<group>"; };
		1E8D2002251BDB2D00343593 /* Base */ = {isa = PBXFileReference; lastKnownFileType = file.storyboard; name = Base; path = Base.lproj/LaunchScreen.storyboard; sourceTree = "<group>"; };
		1E8D2004251BDB2D00343593 /* Info.plist */ = {isa = PBXFileReference; lastKnownFileType = text.plist.xml; path = Info.plist; sourceTree = "<group>"; };
		F43B155F251F997700E95BB1 /* Widget for Spotify WidgetExtension.entitlements */ = {isa = PBXFileReference; lastKnownFileType = text.plist.entitlements; path = "Widget for Spotify WidgetExtension.entitlements"; sourceTree = "<group>"; };
		F45C602025210997005088B4 /* WidgetBundle.swift */ = {isa = PBXFileReference; lastKnownFileType = sourcecode.swift; path = WidgetBundle.swift; sourceTree = "<group>"; };
		F472C1AD251C66A9000E7318 /* Widget-For-Spotify-Bridging-Header.h */ = {isa = PBXFileReference; lastKnownFileType = sourcecode.c.h; path = "Widget-For-Spotify-Bridging-Header.h"; sourceTree = "<group>"; };
		F472C1B3251C695E000E7318 /* SpotifyiOS.framework */ = {isa = PBXFileReference; lastKnownFileType = wrapper.framework; path = SpotifyiOS.framework; sourceTree = "<group>"; };
		F472C1BF251C8DA1000E7318 /* Widget for Spotify.entitlements */ = {isa = PBXFileReference; lastKnownFileType = text.plist.entitlements; path = "Widget for Spotify.entitlements"; sourceTree = "<group>"; };
		F472C1CD251DE51C000E7318 /* URL.extension.swift */ = {isa = PBXFileReference; lastKnownFileType = sourcecode.swift; path = URL.extension.swift; sourceTree = "<group>"; };
		F472C1D0251E32C6000E7318 /* SpotifyTokenHandler.swift */ = {isa = PBXFileReference; lastKnownFileType = sourcecode.swift; path = SpotifyTokenHandler.swift; sourceTree = "<group>"; };
		F48E71D7251F44550012780C /* SpotifyData.swift */ = {isa = PBXFileReference; lastKnownFileType = sourcecode.swift; path = SpotifyData.swift; sourceTree = "<group>"; };
		F48E71DF251F5E6B0012780C /* MainView.swift */ = {isa = PBXFileReference; lastKnownFileType = sourcecode.swift; path = MainView.swift; sourceTree = "<group>"; };
		F48E71E3251F75800012780C /* ImageObject.swift */ = {isa = PBXFileReference; lastKnownFileType = sourcecode.swift; path = ImageObject.swift; sourceTree = "<group>"; };
		F48E71E6251F75F20012780C /* PersonInfo.swift */ = {isa = PBXFileReference; lastKnownFileType = sourcecode.swift; path = PersonInfo.swift; sourceTree = "<group>"; };
		F48E71E9251F76440012780C /* Followers.swift */ = {isa = PBXFileReference; lastKnownFileType = sourcecode.swift; path = Followers.swift; sourceTree = "<group>"; };
		F48E71EC251F858C0012780C /* CurrentlyPlayingContext.swift */ = {isa = PBXFileReference; lastKnownFileType = sourcecode.swift; path = CurrentlyPlayingContext.swift; sourceTree = "<group>"; };
		F48E71EF251F86740012780C /* Device.swift */ = {isa = PBXFileReference; lastKnownFileType = sourcecode.swift; path = Device.swift; sourceTree = "<group>"; };
		F48E71F2251F86BB0012780C /* SpotifyContext.swift */ = {isa = PBXFileReference; lastKnownFileType = sourcecode.swift; path = SpotifyContext.swift; sourceTree = "<group>"; };
		F48E71F5251F872B0012780C /* FullTrack.swift */ = {isa = PBXFileReference; lastKnownFileType = sourcecode.swift; path = FullTrack.swift; sourceTree = "<group>"; };
		F48E71F8251F892E0012780C /* SimplifiedAlbum.swift */ = {isa = PBXFileReference; lastKnownFileType = sourcecode.swift; path = SimplifiedAlbum.swift; sourceTree = "<group>"; };
		F48E71FB251F8BBD0012780C /* SimplifiedArtist.swift */ = {isa = PBXFileReference; lastKnownFileType = sourcecode.swift; path = SimplifiedArtist.swift; sourceTree = "<group>"; };
		F48E71FE251F8C560012780C /* FullEpisode.swift */ = {isa = PBXFileReference; lastKnownFileType = sourcecode.swift; path = FullEpisode.swift; sourceTree = "<group>"; };
		F48E7201251F8D260012780C /* SimplifiedShow.swift */ = {isa = PBXFileReference; lastKnownFileType = sourcecode.swift; path = SimplifiedShow.swift; sourceTree = "<group>"; };
		F48E7204251F8DE00012780C /* Copyright.swift */ = {isa = PBXFileReference; lastKnownFileType = sourcecode.swift; path = Copyright.swift; sourceTree = "<group>"; };
		F48E7207251F93DE0012780C /* ResumePoint.swift */ = {isa = PBXFileReference; lastKnownFileType = sourcecode.swift; path = ResumePoint.swift; sourceTree = "<group>"; };
		F48E7224251F959C0012780C /* Widget for Spotify WidgetExtension.appex */ = {isa = PBXFileReference; explicitFileType = "wrapper.app-extension"; includeInIndex = 0; path = "Widget for Spotify WidgetExtension.appex"; sourceTree = BUILT_PRODUCTS_DIR; };
		F48E722A251F959D0012780C /* Widget_for_Spotify_Widget.intentdefinition */ = {isa = PBXFileReference; lastKnownFileType = file.intentdefinition; path = Widget_for_Spotify_Widget.intentdefinition; sourceTree = "<group>"; };
		F48E722B251F959E0012780C /* Assets.xcassets */ = {isa = PBXFileReference; lastKnownFileType = folder.assetcatalog; path = Assets.xcassets; sourceTree = "<group>"; };
		F48E722D251F959E0012780C /* Info.plist */ = {isa = PBXFileReference; lastKnownFileType = text.plist.xml; path = Info.plist; sourceTree = "<group>"; };
		F48E7237251F95D00012780C /* Widget_for_Spotify_Widget.swift */ = {isa = PBXFileReference; lastKnownFileType = sourcecode.swift; path = Widget_for_Spotify_Widget.swift; sourceTree = "<group>"; };
		F4B3B5D8251BF5E300570A97 /* WidgetKit.framework */ = {isa = PBXFileReference; lastKnownFileType = wrapper.framework; name = WidgetKit.framework; path = System/Library/Frameworks/WidgetKit.framework; sourceTree = SDKROOT; };
		F4B3B5DA251BF5E300570A97 /* SwiftUI.framework */ = {isa = PBXFileReference; lastKnownFileType = wrapper.framework; name = SwiftUI.framework; path = System/Library/Frameworks/SwiftUI.framework; sourceTree = SDKROOT; };
		F4B96EB42520D114002A1F6F /* NetworkClient.swift */ = {isa = PBXFileReference; lastKnownFileType = sourcecode.swift; path = NetworkClient.swift; sourceTree = "<group>"; };
		F4B96EB72520D13C002A1F6F /* StatusService.swift */ = {isa = PBXFileReference; lastKnownFileType = sourcecode.swift; path = StatusService.swift; sourceTree = "<group>"; };
		F4B96EBE2520E122002A1F6F /* SimpleMusicView.swift */ = {isa = PBXFileReference; lastKnownFileType = sourcecode.swift; path = SimpleMusicView.swift; sourceTree = "<group>"; };
/* End PBXFileReference section */

/* Begin PBXFrameworksBuildPhase section */
		1E8D1FF0251BDB2B00343593 /* Frameworks */ = {
			isa = PBXFrameworksBuildPhase;
			buildActionMask = 2147483647;
			files = (
				F4B96EC92520E72A002A1F6F /* KingfisherSwiftUI in Frameworks */,
				F48E71D6251F41DA0012780C /* SwiftyJSON in Frameworks */,
				F472C1DD251E795F000E7318 /* Alamofire in Frameworks */,
				F462CAAD251FC69D001FCF7B /* URLImage in Frameworks */,
				F472C1BC251C6A50000E7318 /* SpotifyiOS.framework in Frameworks */,
			);
			runOnlyForDeploymentPostprocessing = 0;
		};
		F48E7221251F959C0012780C /* Frameworks */ = {
			isa = PBXFrameworksBuildPhase;
			buildActionMask = 2147483647;
			files = (
				F43B1569251F9D6100E95BB1 /* SpotifyiOS.framework in Frameworks */,
				F48E723C251F967E0012780C /* Alamofire in Frameworks */,
				F48E7226251F959C0012780C /* SwiftUI.framework in Frameworks */,
				F48E723E251F967E0012780C /* SwiftyJSON in Frameworks */,
				F462CAB0251FC6A7001FCF7B /* URLImage in Frameworks */,
				F4B96ECF2520E73B002A1F6F /* KingfisherSwiftUI in Frameworks */,
				F48E7225251F959C0012780C /* WidgetKit.framework in Frameworks */,
			);
			runOnlyForDeploymentPostprocessing = 0;
		};
/* End PBXFrameworksBuildPhase section */

/* Begin PBXGroup section */
		1E8D1FEA251BDB2B00343593 = {
			isa = PBXGroup;
			children = (
				F43B155F251F997700E95BB1 /* Widget for Spotify WidgetExtension.entitlements */,
				F472C1AD251C66A9000E7318 /* Widget-For-Spotify-Bridging-Header.h */,
				1E8D1FF5251BDB2B00343593 /* Widget for Spotify */,
				F48E7227251F959D0012780C /* Widget for Spotify Widget */,
				F4B3B5D7251BF5E300570A97 /* Frameworks */,
				1E8D1FF4251BDB2B00343593 /* Products */,
			);
			sourceTree = "<group>";
		};
		1E8D1FF4251BDB2B00343593 /* Products */ = {
			isa = PBXGroup;
			children = (
				1E8D1FF3251BDB2B00343593 /* Widget for Spotify.app */,
				F48E7224251F959C0012780C /* Widget for Spotify WidgetExtension.appex */,
			);
			name = Products;
			sourceTree = "<group>";
		};
		1E8D1FF5251BDB2B00343593 /* Widget for Spotify */ = {
			isa = PBXGroup;
			children = (
				F4B96EBD2520E0EB002A1F6F /* Views */,
				F48E71E2251F756B0012780C /* SpotifyDataStructs */,
				F472C1BF251C8DA1000E7318 /* Widget for Spotify.entitlements */,
				1E8D1FF6251BDB2B00343593 /* AppDelegate.swift */,
				1E8D1FF8251BDB2B00343593 /* SceneDelegate.swift */,
				1E8D1FFA251BDB2B00343593 /* ContentView.swift */,
				1E8D1FFC251BDB2D00343593 /* Assets.xcassets */,
				1E8D2001251BDB2D00343593 /* LaunchScreen.storyboard */,
				1E8D2004251BDB2D00343593 /* Info.plist */,
				1E8D1FFE251BDB2D00343593 /* Preview Content */,
				F472C1CD251DE51C000E7318 /* URL.extension.swift */,
				F472C1D0251E32C6000E7318 /* SpotifyTokenHandler.swift */,
				F48E71D7251F44550012780C /* SpotifyData.swift */,
				F48E71DF251F5E6B0012780C /* MainView.swift */,
			);
			path = "Widget for Spotify";
			sourceTree = "<group>";
		};
		1E8D1FFE251BDB2D00343593 /* Preview Content */ = {
			isa = PBXGroup;
			children = (
				1E8D1FFF251BDB2D00343593 /* Preview Assets.xcassets */,
			);
			path = "Preview Content";
			sourceTree = "<group>";
		};
		F45C6022252109C1005088B4 /* Network */ = {
			isa = PBXGroup;
			children = (
				F4B96EB42520D114002A1F6F /* NetworkClient.swift */,
				F4B96EB72520D13C002A1F6F /* StatusService.swift */,
			);
			path = Network;
			sourceTree = "<group>";
		};
		F48E71E2251F756B0012780C /* SpotifyDataStructs */ = {
			isa = PBXGroup;
			children = (
				F48E71E3251F75800012780C /* ImageObject.swift */,
				F48E71E6251F75F20012780C /* PersonInfo.swift */,
				F48E71E9251F76440012780C /* Followers.swift */,
				F48E71EC251F858C0012780C /* CurrentlyPlayingContext.swift */,
				F48E71EF251F86740012780C /* Device.swift */,
				F48E71F2251F86BB0012780C /* SpotifyContext.swift */,
				F48E71F5251F872B0012780C /* FullTrack.swift */,
				F48E71FE251F8C560012780C /* FullEpisode.swift */,
				F48E71F8251F892E0012780C /* SimplifiedAlbum.swift */,
				F48E71FB251F8BBD0012780C /* SimplifiedArtist.swift */,
				F48E7201251F8D260012780C /* SimplifiedShow.swift */,
				F48E7204251F8DE00012780C /* Copyright.swift */,
				F48E7207251F93DE0012780C /* ResumePoint.swift */,
			);
			path = SpotifyDataStructs;
			sourceTree = "<group>";
		};
		F48E7227251F959D0012780C /* Widget for Spotify Widget */ = {
			isa = PBXGroup;
			children = (
				F45C6022252109C1005088B4 /* Network */,
				F48E7237251F95D00012780C /* Widget_for_Spotify_Widget.swift */,
				F48E722A251F959D0012780C /* Widget_for_Spotify_Widget.intentdefinition */,
				F48E722B251F959E0012780C /* Assets.xcassets */,
				F48E722D251F959E0012780C /* Info.plist */,
				F45C602025210997005088B4 /* WidgetBundle.swift */,
			);
			path = "Widget for Spotify Widget";
			sourceTree = "<group>";
		};
		F4B3B5D7251BF5E300570A97 /* Frameworks */ = {
			isa = PBXGroup;
			children = (
				F472C1B3251C695E000E7318 /* SpotifyiOS.framework */,
				F4B3B5D8251BF5E300570A97 /* WidgetKit.framework */,
				F4B3B5DA251BF5E300570A97 /* SwiftUI.framework */,
			);
			name = Frameworks;
			sourceTree = "<group>";
		};
		F4B96EBD2520E0EB002A1F6F /* Views */ = {
			isa = PBXGroup;
			children = (
				F4B96EBE2520E122002A1F6F /* SimpleMusicView.swift */,
			);
			path = Views;
			sourceTree = "<group>";
		};
/* End PBXGroup section */

/* Begin PBXHeadersBuildPhase section */
		F43B1561251F99B300E95BB1 /* Headers */ = {
			isa = PBXHeadersBuildPhase;
			buildActionMask = 2147483647;
			files = (
			);
			runOnlyForDeploymentPostprocessing = 0;
		};
/* End PBXHeadersBuildPhase section */

/* Begin PBXNativeTarget section */
		1E8D1FF2251BDB2B00343593 /* Widget for Spotify */ = {
			isa = PBXNativeTarget;
			buildConfigurationList = 1E8D2007251BDB2D00343593 /* Build configuration list for PBXNativeTarget "Widget for Spotify" */;
			buildPhases = (
				1E8D1FEF251BDB2B00343593 /* Sources */,
				1E8D1FF0251BDB2B00343593 /* Frameworks */,
				1E8D1FF1251BDB2B00343593 /* Resources */,
				F4B3B5E8251BF5E500570A97 /* Embed App Extensions */,
				F472C1BE251C6A51000E7318 /* Embed Frameworks */,
				F472C1DE251E9A37000E7318 /* ShellScript */,
			);
			buildRules = (
			);
			dependencies = (
				F48E7231251F959E0012780C /* PBXTargetDependency */,
			);
			name = "Widget for Spotify";
			packageProductDependencies = (
				F472C1DC251E795F000E7318 /* Alamofire */,
				F48E71D5251F41DA0012780C /* SwiftyJSON */,
				F462CAAC251FC69D001FCF7B /* URLImage */,
				F4B96EC82520E72A002A1F6F /* KingfisherSwiftUI */,
			);
			productName = "Widget for Spotify";
			productReference = 1E8D1FF3251BDB2B00343593 /* Widget for Spotify.app */;
			productType = "com.apple.product-type.application";
		};
		F48E7223251F959C0012780C /* Widget for Spotify WidgetExtension */ = {
			isa = PBXNativeTarget;
			buildConfigurationList = F48E7233251F959E0012780C /* Build configuration list for PBXNativeTarget "Widget for Spotify WidgetExtension" */;
			buildPhases = (
				F43B1561251F99B300E95BB1 /* Headers */,
				F48E7220251F959C0012780C /* Sources */,
				F48E7221251F959C0012780C /* Frameworks */,
				F48E7222251F959C0012780C /* Resources */,
				F4B96ED52520E73B002A1F6F /* Embed Frameworks */,
			);
			buildRules = (
			);
			dependencies = (
			);
			name = "Widget for Spotify WidgetExtension";
			packageProductDependencies = (
				F48E723B251F967E0012780C /* Alamofire */,
				F48E723D251F967E0012780C /* SwiftyJSON */,
				F462CAAF251FC6A7001FCF7B /* URLImage */,
				F4B96ECE2520E73B002A1F6F /* KingfisherSwiftUI */,
			);
			productName = "Widget for Spotify WidgetExtension";
			productReference = F48E7224251F959C0012780C /* Widget for Spotify WidgetExtension.appex */;
			productType = "com.apple.product-type.app-extension";
		};
/* End PBXNativeTarget section */

/* Begin PBXProject section */
		1E8D1FEB251BDB2B00343593 /* Project object */ = {
			isa = PBXProject;
			attributes = {
				LastSwiftUpdateCheck = 1200;
				LastUpgradeCheck = 1200;
				ORGANIZATIONNAME = "Sjoerd Bolten";
				TargetAttributes = {
					1E8D1FF2251BDB2B00343593 = {
						CreatedOnToolsVersion = 11.7;
					};
					F48E7223251F959C0012780C = {
						CreatedOnToolsVersion = 12.0;
					};
				};
			};
			buildConfigurationList = 1E8D1FEE251BDB2B00343593 /* Build configuration list for PBXProject "Widget for Spotify" */;
			compatibilityVersion = "Xcode 9.3";
			developmentRegion = en;
			hasScannedForEncodings = 0;
			knownRegions = (
				en,
				Base,
			);
			mainGroup = 1E8D1FEA251BDB2B00343593;
			packageReferences = (
				F472C1DB251E795F000E7318 /* XCRemoteSwiftPackageReference "Alamofire" */,
				F48E71D4251F41DA0012780C /* XCRemoteSwiftPackageReference "SwiftyJSON" */,
				F462CAAB251FC69D001FCF7B /* XCRemoteSwiftPackageReference "url-image" */,
				F4B96EC52520E72A002A1F6F /* XCRemoteSwiftPackageReference "Kingfisher" */,
			);
			productRefGroup = 1E8D1FF4251BDB2B00343593 /* Products */;
			projectDirPath = "";
			projectRoot = "";
			targets = (
				1E8D1FF2251BDB2B00343593 /* Widget for Spotify */,
				F48E7223251F959C0012780C /* Widget for Spotify WidgetExtension */,
			);
		};
/* End PBXProject section */

/* Begin PBXResourcesBuildPhase section */
		1E8D1FF1251BDB2B00343593 /* Resources */ = {
			isa = PBXResourcesBuildPhase;
			buildActionMask = 2147483647;
			files = (
				1E8D2003251BDB2D00343593 /* LaunchScreen.storyboard in Resources */,
				1E8D2000251BDB2D00343593 /* Preview Assets.xcassets in Resources */,
				1E8D1FFD251BDB2D00343593 /* Assets.xcassets in Resources */,
			);
			runOnlyForDeploymentPostprocessing = 0;
		};
		F48E7222251F959C0012780C /* Resources */ = {
			isa = PBXResourcesBuildPhase;
			buildActionMask = 2147483647;
			files = (
				F4B96EC32520E3F5002A1F6F /* Assets.xcassets in Resources */,
				F48E722C251F959E0012780C /* Assets.xcassets in Resources */,
			);
			runOnlyForDeploymentPostprocessing = 0;
		};
/* End PBXResourcesBuildPhase section */

/* Begin PBXShellScriptBuildPhase section */
		F472C1DE251E9A37000E7318 /* ShellScript */ = {
			isa = PBXShellScriptBuildPhase;
			buildActionMask = 2147483647;
			files = (
			);
			inputFileListPaths = (
			);
			inputPaths = (
			);
			outputFileListPaths = (
			);
			outputPaths = (
			);
			runOnlyForDeploymentPostprocessing = 0;
			shellPath = /bin/sh;
			shellScript = "# removes unused architectures.\nfind \"$APP_PATH\" -name '*.framework' -type d | while read -r FRAMEWORK\ndo\n    FRAMEWORK_EXECUTABLE_NAME=$(defaults read \"$FRAMEWORK/Info.plist\" CFBundleExecutable)\n    FRAMEWORK_EXECUTABLE_PATH=\"$FRAMEWORK/$FRAMEWORK_EXECUTABLE_NAME\"\n\n    if [ ! -f \"${FRAMEWORK_EXECUTABLE_PATH}\" ]; then\n        continue\n    fi\n\n    if xcrun lipo -info \"${FRAMEWORK_EXECUTABLE_PATH}\" | grep --silent \"Non-fat\"; then\n        echo \"Framework non-fat, skipping: $FRAMEWORK_EXECUTABLE_NAME\"\n        continue\n    fi\n\n    echo \"Thinning framework $FRAMEWORK_EXECUTABLE_NAME\"\n\n    EXTRACTED_ARCHS=()\n\n    for ARCH in $ARCHS\n    do\n        echo \"Extracting $ARCH from $FRAMEWORK_EXECUTABLE_NAME\"\n        xcrun lipo -extract \"$ARCH\" \"$FRAMEWORK_EXECUTABLE_PATH\" -o \"$FRAMEWORK_EXECUTABLE_PATH-$ARCH\"\n        EXTRACTED_ARCHS+=(\"$FRAMEWORK_EXECUTABLE_PATH-$ARCH\")\n    done\n\n    echo \"Merging extracted architectures: ${ARCHS}\"\n    xcrun lipo -o \"$FRAMEWORK_EXECUTABLE_PATH-merged\" -create \"${EXTRACTED_ARCHS[@]}\"\n    rm \"${EXTRACTED_ARCHS[@]}\"\n\n    echo \"Replacing original executable with thinned version\"\n    rm \"$FRAMEWORK_EXECUTABLE_PATH\"\n    mv \"$FRAMEWORK_EXECUTABLE_PATH-merged\" \"$FRAMEWORK_EXECUTABLE_PATH\"\ndone\n";
		};
/* End PBXShellScriptBuildPhase section */

/* Begin PBXSourcesBuildPhase section */
		1E8D1FEF251BDB2B00343593 /* Sources */ = {
			isa = PBXSourcesBuildPhase;
			buildActionMask = 2147483647;
			files = (
				F48E71FC251F8BBD0012780C /* SimplifiedArtist.swift in Sources */,
				F48E71F0251F86740012780C /* Device.swift in Sources */,
				F48E71EA251F76440012780C /* Followers.swift in Sources */,
				F48E7208251F93DE0012780C /* ResumePoint.swift in Sources */,
				F48E722F251F959E0012780C /* Widget_for_Spotify_Widget.intentdefinition in Sources */,
				F48E71E4251F75800012780C /* ImageObject.swift in Sources */,
				F48E71F3251F86BB0012780C /* SpotifyContext.swift in Sources */,
				F48E71E0251F5E6B0012780C /* MainView.swift in Sources */,
				F48E7205251F8DE00012780C /* Copyright.swift in Sources */,
				F48E7202251F8D260012780C /* SimplifiedShow.swift in Sources */,
				1E8D1FF7251BDB2B00343593 /* AppDelegate.swift in Sources */,
				F48E71FF251F8C560012780C /* FullEpisode.swift in Sources */,
				F48E71F9251F892E0012780C /* SimplifiedAlbum.swift in Sources */,
				F48E71F6251F872B0012780C /* FullTrack.swift in Sources */,
				F48E71ED251F858C0012780C /* CurrentlyPlayingContext.swift in Sources */,
				F48E71D8251F44550012780C /* SpotifyData.swift in Sources */,
				F4B96EBF2520E122002A1F6F /* SimpleMusicView.swift in Sources */,
				F472C1D1251E32C6000E7318 /* SpotifyTokenHandler.swift in Sources */,
				F48E71E7251F75F20012780C /* PersonInfo.swift in Sources */,
				1E8D1FF9251BDB2B00343593 /* SceneDelegate.swift in Sources */,
				F472C1CE251DE51C000E7318 /* URL.extension.swift in Sources */,
				1E8D1FFB251BDB2B00343593 /* ContentView.swift in Sources */,
			);
			runOnlyForDeploymentPostprocessing = 0;
		};
		F48E7220251F959C0012780C /* Sources */ = {
			isa = PBXSourcesBuildPhase;
			buildActionMask = 2147483647;
			files = (
				F4B96EB52520D114002A1F6F /* NetworkClient.swift in Sources */,
				F462CAA2251FA8D8001FCF7B /* URL.extension.swift in Sources */,
				F462CA93251FA894001FCF7B /* FullEpisode.swift in Sources */,
				F4B96EB82520D13C002A1F6F /* StatusService.swift in Sources */,
				F462CA98251FA894001FCF7B /* ResumePoint.swift in Sources */,
				F45C602125210997005088B4 /* WidgetBundle.swift in Sources */,
				F462CA99251FA894001FCF7B /* FullTrack.swift in Sources */,
				F4B96EC12520E124002A1F6F /* SimpleMusicView.swift in Sources */,
				F462CA97251FA894001FCF7B /* CurrentlyPlayingContext.swift in Sources */,
				F462CAA0251FA8D8001FCF7B /* SpotifyData.swift in Sources */,
				F48E7238251F95D00012780C /* Widget_for_Spotify_Widget.swift in Sources */,
				F462CAA1251FA8D8001FCF7B /* SpotifyTokenHandler.swift in Sources */,
				F462CA9A251FA894001FCF7B /* Copyright.swift in Sources */,
				F462CA9B251FA894001FCF7B /* ImageObject.swift in Sources */,
				F462CA94251FA894001FCF7B /* Followers.swift in Sources */,
				F462CA9D251FA894001FCF7B /* SimplifiedShow.swift in Sources */,
				F462CA9C251FA894001FCF7B /* SimplifiedArtist.swift in Sources */,
				F462CA92251FA894001FCF7B /* SpotifyContext.swift in Sources */,
				F462CA95251FA894001FCF7B /* PersonInfo.swift in Sources */,
				F462CA96251FA894001FCF7B /* Device.swift in Sources */,
				F48E722E251F959E0012780C /* Widget_for_Spotify_Widget.intentdefinition in Sources */,
				F462CA9E251FA894001FCF7B /* SimplifiedAlbum.swift in Sources */,
			);
			runOnlyForDeploymentPostprocessing = 0;
		};
/* End PBXSourcesBuildPhase section */

/* Begin PBXTargetDependency section */
		F48E7231251F959E0012780C /* PBXTargetDependency */ = {
			isa = PBXTargetDependency;
			target = F48E7223251F959C0012780C /* Widget for Spotify WidgetExtension */;
			targetProxy = F48E7230251F959E0012780C /* PBXContainerItemProxy */;
		};
/* End PBXTargetDependency section */

/* Begin PBXVariantGroup section */
		1E8D2001251BDB2D00343593 /* LaunchScreen.storyboard */ = {
			isa = PBXVariantGroup;
			children = (
				1E8D2002251BDB2D00343593 /* Base */,
			);
			name = LaunchScreen.storyboard;
			sourceTree = "<group>";
		};
/* End PBXVariantGroup section */

/* Begin XCBuildConfiguration section */
		1E8D2005251BDB2D00343593 /* Debug */ = {
			isa = XCBuildConfiguration;
			buildSettings = {
				ALWAYS_SEARCH_USER_PATHS = NO;
				CLANG_ANALYZER_NONNULL = YES;
				CLANG_ANALYZER_NUMBER_OBJECT_CONVERSION = YES_AGGRESSIVE;
				CLANG_CXX_LANGUAGE_STANDARD = "gnu++14";
				CLANG_CXX_LIBRARY = "libc++";
				CLANG_ENABLE_MODULES = YES;
				CLANG_ENABLE_OBJC_ARC = YES;
				CLANG_ENABLE_OBJC_WEAK = YES;
				CLANG_WARN_BLOCK_CAPTURE_AUTORELEASING = YES;
				CLANG_WARN_BOOL_CONVERSION = YES;
				CLANG_WARN_COMMA = YES;
				CLANG_WARN_CONSTANT_CONVERSION = YES;
				CLANG_WARN_DEPRECATED_OBJC_IMPLEMENTATIONS = YES;
				CLANG_WARN_DIRECT_OBJC_ISA_USAGE = YES_ERROR;
				CLANG_WARN_DOCUMENTATION_COMMENTS = YES;
				CLANG_WARN_EMPTY_BODY = YES;
				CLANG_WARN_ENUM_CONVERSION = YES;
				CLANG_WARN_INFINITE_RECURSION = YES;
				CLANG_WARN_INT_CONVERSION = YES;
				CLANG_WARN_NON_LITERAL_NULL_CONVERSION = YES;
				CLANG_WARN_OBJC_IMPLICIT_RETAIN_SELF = YES;
				CLANG_WARN_OBJC_LITERAL_CONVERSION = YES;
				CLANG_WARN_OBJC_ROOT_CLASS = YES_ERROR;
				CLANG_WARN_QUOTED_INCLUDE_IN_FRAMEWORK_HEADER = YES;
				CLANG_WARN_RANGE_LOOP_ANALYSIS = YES;
				CLANG_WARN_STRICT_PROTOTYPES = YES;
				CLANG_WARN_SUSPICIOUS_MOVE = YES;
				CLANG_WARN_UNGUARDED_AVAILABILITY = YES_AGGRESSIVE;
				CLANG_WARN_UNREACHABLE_CODE = YES;
				CLANG_WARN__DUPLICATE_METHOD_MATCH = YES;
				COPY_PHASE_STRIP = NO;
				DEBUG_INFORMATION_FORMAT = dwarf;
				ENABLE_STRICT_OBJC_MSGSEND = YES;
				ENABLE_TESTABILITY = YES;
				GCC_C_LANGUAGE_STANDARD = gnu11;
				GCC_DYNAMIC_NO_PIC = NO;
				GCC_NO_COMMON_BLOCKS = YES;
				GCC_OPTIMIZATION_LEVEL = 0;
				GCC_PREPROCESSOR_DEFINITIONS = (
					"DEBUG=1",
					"$(inherited)",
				);
				GCC_WARN_64_TO_32_BIT_CONVERSION = YES;
				GCC_WARN_ABOUT_RETURN_TYPE = YES_ERROR;
				GCC_WARN_UNDECLARED_SELECTOR = YES;
				GCC_WARN_UNINITIALIZED_AUTOS = YES_AGGRESSIVE;
				GCC_WARN_UNUSED_FUNCTION = YES;
				GCC_WARN_UNUSED_VARIABLE = YES;
				IPHONEOS_DEPLOYMENT_TARGET = 14.0;
				MTL_ENABLE_DEBUG_INFO = INCLUDE_SOURCE;
				MTL_FAST_MATH = YES;
				ONLY_ACTIVE_ARCH = YES;
				PRODUCT_NAME = widgetforspotify;
				SDKROOT = iphoneos;
				SWIFT_ACTIVE_COMPILATION_CONDITIONS = DEBUG;
				SWIFT_OPTIMIZATION_LEVEL = "-Onone";
			};
			name = Debug;
		};
		1E8D2006251BDB2D00343593 /* Release */ = {
			isa = XCBuildConfiguration;
			buildSettings = {
				ALWAYS_SEARCH_USER_PATHS = NO;
				CLANG_ANALYZER_NONNULL = YES;
				CLANG_ANALYZER_NUMBER_OBJECT_CONVERSION = YES_AGGRESSIVE;
				CLANG_CXX_LANGUAGE_STANDARD = "gnu++14";
				CLANG_CXX_LIBRARY = "libc++";
				CLANG_ENABLE_MODULES = YES;
				CLANG_ENABLE_OBJC_ARC = YES;
				CLANG_ENABLE_OBJC_WEAK = YES;
				CLANG_WARN_BLOCK_CAPTURE_AUTORELEASING = YES;
				CLANG_WARN_BOOL_CONVERSION = YES;
				CLANG_WARN_COMMA = YES;
				CLANG_WARN_CONSTANT_CONVERSION = YES;
				CLANG_WARN_DEPRECATED_OBJC_IMPLEMENTATIONS = YES;
				CLANG_WARN_DIRECT_OBJC_ISA_USAGE = YES_ERROR;
				CLANG_WARN_DOCUMENTATION_COMMENTS = YES;
				CLANG_WARN_EMPTY_BODY = YES;
				CLANG_WARN_ENUM_CONVERSION = YES;
				CLANG_WARN_INFINITE_RECURSION = YES;
				CLANG_WARN_INT_CONVERSION = YES;
				CLANG_WARN_NON_LITERAL_NULL_CONVERSION = YES;
				CLANG_WARN_OBJC_IMPLICIT_RETAIN_SELF = YES;
				CLANG_WARN_OBJC_LITERAL_CONVERSION = YES;
				CLANG_WARN_OBJC_ROOT_CLASS = YES_ERROR;
				CLANG_WARN_QUOTED_INCLUDE_IN_FRAMEWORK_HEADER = YES;
				CLANG_WARN_RANGE_LOOP_ANALYSIS = YES;
				CLANG_WARN_STRICT_PROTOTYPES = YES;
				CLANG_WARN_SUSPICIOUS_MOVE = YES;
				CLANG_WARN_UNGUARDED_AVAILABILITY = YES_AGGRESSIVE;
				CLANG_WARN_UNREACHABLE_CODE = YES;
				CLANG_WARN__DUPLICATE_METHOD_MATCH = YES;
				COPY_PHASE_STRIP = NO;
				DEBUG_INFORMATION_FORMAT = "dwarf-with-dsym";
				ENABLE_NS_ASSERTIONS = NO;
				ENABLE_STRICT_OBJC_MSGSEND = YES;
				GCC_C_LANGUAGE_STANDARD = gnu11;
				GCC_NO_COMMON_BLOCKS = YES;
				GCC_WARN_64_TO_32_BIT_CONVERSION = YES;
				GCC_WARN_ABOUT_RETURN_TYPE = YES_ERROR;
				GCC_WARN_UNDECLARED_SELECTOR = YES;
				GCC_WARN_UNINITIALIZED_AUTOS = YES_AGGRESSIVE;
				GCC_WARN_UNUSED_FUNCTION = YES;
				GCC_WARN_UNUSED_VARIABLE = YES;
				IPHONEOS_DEPLOYMENT_TARGET = 14.0;
				MTL_ENABLE_DEBUG_INFO = NO;
				MTL_FAST_MATH = YES;
				PRODUCT_NAME = widgetforspotify;
				SDKROOT = iphoneos;
				SWIFT_COMPILATION_MODE = wholemodule;
				SWIFT_OPTIMIZATION_LEVEL = "-O";
				VALIDATE_PRODUCT = YES;
			};
			name = Release;
		};
		1E8D2008251BDB2D00343593 /* Debug */ = {
			isa = XCBuildConfiguration;
			buildSettings = {
				ALWAYS_EMBED_SWIFT_STANDARD_LIBRARIES = YES;
				ASSETCATALOG_COMPILER_APPICON_NAME = AppIcon;
				CODE_SIGN_ENTITLEMENTS = "Widget for Spotify/Widget for Spotify.entitlements";
				CODE_SIGN_STYLE = Automatic;
				DEVELOPMENT_ASSET_PATHS = "\"Widget for Spotify/Preview Content\"";
				DEVELOPMENT_TEAM = FCB4S3W235;
				ENABLE_PREVIEWS = YES;
				FRAMEWORK_SEARCH_PATHS = (
					"$(inherited)",
					"$(PROJECT_DIR)",
				);
				INFOPLIST_FILE = "Widget for Spotify/Info.plist";
				LD_RUNPATH_SEARCH_PATHS = (
					"$(inherited)",
					"@executable_path/Frameworks",
				);
				OTHER_LDFLAGS = "-ObjC";
				PRODUCT_BUNDLE_IDENTIFIER = "dev.netlob.widget-for-spotify";
				PRODUCT_NAME = "$(TARGET_NAME)";
				SWIFT_OBJC_BRIDGING_HEADER = "Widget-For-Spotify-Bridging-Header.h";
				SWIFT_VERSION = 5.0;
				TARGETED_DEVICE_FAMILY = "1,2";
			};
			name = Debug;
		};
		1E8D2009251BDB2D00343593 /* Release */ = {
			isa = XCBuildConfiguration;
			buildSettings = {
				ALWAYS_EMBED_SWIFT_STANDARD_LIBRARIES = YES;
				ASSETCATALOG_COMPILER_APPICON_NAME = AppIcon;
				CODE_SIGN_ENTITLEMENTS = "Widget for Spotify/Widget for Spotify.entitlements";
				CODE_SIGN_STYLE = Automatic;
				DEVELOPMENT_ASSET_PATHS = "\"Widget for Spotify/Preview Content\"";
				DEVELOPMENT_TEAM = FCB4S3W235;
				ENABLE_PREVIEWS = YES;
				FRAMEWORK_SEARCH_PATHS = (
					"$(inherited)",
					"$(PROJECT_DIR)",
				);
				INFOPLIST_FILE = "Widget for Spotify/Info.plist";
				LD_RUNPATH_SEARCH_PATHS = (
					"$(inherited)",
					"@executable_path/Frameworks",
				);
				OTHER_LDFLAGS = "-ObjC";
				PRODUCT_BUNDLE_IDENTIFIER = "dev.netlob.widget-for-spotify";
				PRODUCT_NAME = "$(TARGET_NAME)";
				SWIFT_OBJC_BRIDGING_HEADER = "Widget-For-Spotify-Bridging-Header.h";
				SWIFT_VERSION = 5.0;
				TARGETED_DEVICE_FAMILY = "1,2";
			};
			name = Release;
		};
		F48E7234251F959E0012780C /* Debug */ = {
			isa = XCBuildConfiguration;
			buildSettings = {
				ASSETCATALOG_COMPILER_GLOBAL_ACCENT_COLOR_NAME = AccentColor;
				ASSETCATALOG_COMPILER_WIDGET_BACKGROUND_COLOR_NAME = WidgetBackground;
				CODE_SIGN_ENTITLEMENTS = "Widget for Spotify WidgetExtension.entitlements";
				CODE_SIGN_STYLE = Automatic;
				DEVELOPMENT_TEAM = FCB4S3W235;
				FRAMEWORK_SEARCH_PATHS = (
					"$(inherited)",
					"$(PROJECT_DIR)",
				);
				INFOPLIST_FILE = "Widget for Spotify Widget/Info.plist";
				LD_RUNPATH_SEARCH_PATHS = (
					"$(inherited)",
					"@executable_path/Frameworks",
					"@executable_path/../../Frameworks",
				);
				PRODUCT_BUNDLE_IDENTIFIER = "dev.netlob.widget-for-spotify.Widget-for-Spotify-Widget";
				PRODUCT_NAME = "$(TARGET_NAME)";
				SKIP_INSTALL = YES;
				SWIFT_OBJC_BRIDGING_HEADER = "Widget-For-Spotify-Bridging-Header.h";
				SWIFT_VERSION = 5.0;
				TARGETED_DEVICE_FAMILY = "1,2";
			};
			name = Debug;
		};
		F48E7235251F959E0012780C /* Release */ = {
			isa = XCBuildConfiguration;
			buildSettings = {
				ASSETCATALOG_COMPILER_GLOBAL_ACCENT_COLOR_NAME = AccentColor;
				ASSETCATALOG_COMPILER_WIDGET_BACKGROUND_COLOR_NAME = WidgetBackground;
				CODE_SIGN_ENTITLEMENTS = "Widget for Spotify WidgetExtension.entitlements";
				CODE_SIGN_STYLE = Automatic;
				DEVELOPMENT_TEAM = FCB4S3W235;
				FRAMEWORK_SEARCH_PATHS = (
					"$(inherited)",
					"$(PROJECT_DIR)",
				);
				INFOPLIST_FILE = "Widget for Spotify Widget/Info.plist";
				LD_RUNPATH_SEARCH_PATHS = (
					"$(inherited)",
					"@executable_path/Frameworks",
					"@executable_path/../../Frameworks",
				);
				PRODUCT_BUNDLE_IDENTIFIER = "dev.netlob.widget-for-spotify.Widget-for-Spotify-Widget";
				PRODUCT_NAME = "$(TARGET_NAME)";
				SKIP_INSTALL = YES;
				SWIFT_OBJC_BRIDGING_HEADER = "Widget-For-Spotify-Bridging-Header.h";
				SWIFT_VERSION = 5.0;
				TARGETED_DEVICE_FAMILY = "1,2";
			};
			name = Release;
		};
/* End XCBuildConfiguration section */

/* Begin XCConfigurationList section */
		1E8D1FEE251BDB2B00343593 /* Build configuration list for PBXProject "Widget for Spotify" */ = {
			isa = XCConfigurationList;
			buildConfigurations = (
				1E8D2005251BDB2D00343593 /* Debug */,
				1E8D2006251BDB2D00343593 /* Release */,
			);
			defaultConfigurationIsVisible = 0;
			defaultConfigurationName = Release;
		};
		1E8D2007251BDB2D00343593 /* Build configuration list for PBXNativeTarget "Widget for Spotify" */ = {
			isa = XCConfigurationList;
			buildConfigurations = (
				1E8D2008251BDB2D00343593 /* Debug */,
				1E8D2009251BDB2D00343593 /* Release */,
			);
			defaultConfigurationIsVisible = 0;
			defaultConfigurationName = Release;
		};
		F48E7233251F959E0012780C /* Build configuration list for PBXNativeTarget "Widget for Spotify WidgetExtension" */ = {
			isa = XCConfigurationList;
			buildConfigurations = (
				F48E7234251F959E0012780C /* Debug */,
				F48E7235251F959E0012780C /* Release */,
			);
			defaultConfigurationIsVisible = 0;
			defaultConfigurationName = Release;
		};
/* End XCConfigurationList section */

/* Begin XCRemoteSwiftPackageReference section */
		F462CAAB251FC69D001FCF7B /* XCRemoteSwiftPackageReference "url-image" */ = {
			isa = XCRemoteSwiftPackageReference;
			repositoryURL = "https://github.com/dmytro-anokhin/url-image.git";
			requirement = {
				kind = upToNextMajorVersion;
				minimumVersion = 0.9.19;
			};
		};
		F472C1DB251E795F000E7318 /* XCRemoteSwiftPackageReference "Alamofire" */ = {
			isa = XCRemoteSwiftPackageReference;
			repositoryURL = "https://github.com/Alamofire/Alamofire.git";
			requirement = {
				kind = upToNextMajorVersion;
				minimumVersion = 5.2.2;
			};
		};
		F48E71D4251F41DA0012780C /* XCRemoteSwiftPackageReference "SwiftyJSON" */ = {
			isa = XCRemoteSwiftPackageReference;
			repositoryURL = "https://github.com/SwiftyJSON/SwiftyJSON.git";
			requirement = {
				kind = upToNextMajorVersion;
				minimumVersion = 5.0.0;
			};
		};
		F4B96EC52520E72A002A1F6F /* XCRemoteSwiftPackageReference "Kingfisher" */ = {
			isa = XCRemoteSwiftPackageReference;
			repositoryURL = "https://github.com/onevcat/Kingfisher.git";
			requirement = {
				kind = upToNextMajorVersion;
				minimumVersion = 5.15.4;
			};
		};
/* End XCRemoteSwiftPackageReference section */

/* Begin XCSwiftPackageProductDependency section */
		F462CAAC251FC69D001FCF7B /* URLImage */ = {
			isa = XCSwiftPackageProductDependency;
			package = F462CAAB251FC69D001FCF7B /* XCRemoteSwiftPackageReference "url-image" */;
			productName = URLImage;
		};
		F462CAAF251FC6A7001FCF7B /* URLImage */ = {
			isa = XCSwiftPackageProductDependency;
			package = F462CAAB251FC69D001FCF7B /* XCRemoteSwiftPackageReference "url-image" */;
			productName = URLImage;
		};
		F472C1DC251E795F000E7318 /* Alamofire */ = {
			isa = XCSwiftPackageProductDependency;
			package = F472C1DB251E795F000E7318 /* XCRemoteSwiftPackageReference "Alamofire" */;
			productName = Alamofire;
		};
		F48E71D5251F41DA0012780C /* SwiftyJSON */ = {
			isa = XCSwiftPackageProductDependency;
			package = F48E71D4251F41DA0012780C /* XCRemoteSwiftPackageReference "SwiftyJSON" */;
			productName = SwiftyJSON;
		};
		F48E723B251F967E0012780C /* Alamofire */ = {
			isa = XCSwiftPackageProductDependency;
			package = F472C1DB251E795F000E7318 /* XCRemoteSwiftPackageReference "Alamofire" */;
			productName = Alamofire;
		};
		F48E723D251F967E0012780C /* SwiftyJSON */ = {
			isa = XCSwiftPackageProductDependency;
			package = F48E71D4251F41DA0012780C /* XCRemoteSwiftPackageReference "SwiftyJSON" */;
			productName = SwiftyJSON;
		};
		F4B96EC82520E72A002A1F6F /* KingfisherSwiftUI */ = {
			isa = XCSwiftPackageProductDependency;
			package = F4B96EC52520E72A002A1F6F /* XCRemoteSwiftPackageReference "Kingfisher" */;
			productName = KingfisherSwiftUI;
		};
		F4B96ECE2520E73B002A1F6F /* KingfisherSwiftUI */ = {
			isa = XCSwiftPackageProductDependency;
			package = F4B96EC52520E72A002A1F6F /* XCRemoteSwiftPackageReference "Kingfisher" */;
			productName = KingfisherSwiftUI;
		};
/* End XCSwiftPackageProductDependency section */
	};
	rootObject = 1E8D1FEB251BDB2B00343593 /* Project object */;
}
